
Microsoft Visual Studio Solution File, Format Version 12.00
# Visual Studio Version 17
VisualStudioVersion = 17.0.31903.59
MinimumVisualStudioVersion = 10.0.40219.1
Project("{2150E333-8FDC-42A3-9474-1A3956D46DE8}") = "Utility", "Utility", "{3610DE71-0841-E98B-B5EB-0B69D343489C}"
EndProject
Project("{FAE04EC0-301F-11D3-BF4B-00C04F79EFBC}") = "Odin.Utility.VaryingValues", "Utility\VaryingValues\Odin.Utility.VaryingValues.csproj", "{06DE3EA8-C467-4BB0-8654-F3424709094A}"
EndProject
Project("{FAE04EC0-301F-11D3-BF4B-00C04F79EFBC}") = "Odin.Utility.Tax", "Utility\Tax\Odin.Utility.Tax.csproj", "{41D1882A-D27E-445B-AF0E-0F2D0CA46352}"
EndProject
Project("{FAE04EC0-301F-11D3-BF4B-00C04F79EFBC}") = "Tests.Odin.Utility", "Utility\Tests\Tests.Odin.Utility.csproj", "{72478837-59C0-4E75-AEF8-8CD91D9C799E}"
EndProject
Project("{2150E333-8FDC-42A3-9474-1A3956D46DE8}") = "DesignContracts", "DesignContracts", "{EBF308F7-96BA-2078-D8ED-EE2A933013D9}"
EndProject
Project("{FAE04EC0-301F-11D3-BF4B-00C04F79EFBC}") = "Tests.Odin.DesignContracts", "DesignContracts\Tests\Tests.Odin.DesignContracts.csproj", "{4514DC00-A6E6-4BDC-AF49-BEEA9641DC33}"
EndProject
Project("{FAE04EC0-301F-11D3-BF4B-00C04F79EFBC}") = "Odin.DesignContracts", "DesignContracts\Core\Odin.DesignContracts.csproj", "{17D9B94F-C4BB-44D6-BB43-135E0AE133DA}"
EndProject
Project("{FAE04EC0-301F-11D3-BF4B-00C04F79EFBC}") = "Odin.DesignContracts.Analyzers", "DesignContracts\Analyzers\Odin.DesignContracts.Analyzers.csproj", "{E40AA85A-78F9-40A9-852B-A0C90A64D76F}"
EndProject
Project("{2150E333-8FDC-42A3-9474-1A3956D46DE8}") = "RemoteFiles", "RemoteFiles", "{499A48AF-B09A-AD23-332B-6CC3057A4CBB}"
EndProject
Project("{FAE04EC0-301F-11D3-BF4B-00C04F79EFBC}") = "Odin.RemoteFiles.Abstractions", "RemoteFiles\Abstractions\Odin.RemoteFiles.Abstractions.csproj", "{D35292B8-A256-4921-BC60-55CB1F467986}"
EndProject
Project("{2150E333-8FDC-42A3-9474-1A3956D46DE8}") = "System", "System", "{73BA62BB-2B41-2DC4-C714-51B3D4C2A215}"
EndProject
Project("{FAE04EC0-301F-11D3-BF4B-00C04F79EFBC}") = "Odin.System.Result", "System\Result\Odin.System.Result.csproj", "{BEA39CB2-9B6D-4971-B592-430932ED1935}"
EndProject
Project("{FAE04EC0-301F-11D3-BF4B-00C04F79EFBC}") = "Odin.RemoteFiles.SFTP", "RemoteFiles\SFTP\Odin.RemoteFiles.SFTP.csproj", "{7887AF1D-5EB5-4CB6-906E-EC3668601581}"
EndProject
Project("{FAE04EC0-301F-11D3-BF4B-00C04F79EFBC}") = "Tests.Odin.RemoteFiles", "RemoteFiles\Tests\Tests.Odin.RemoteFiles.csproj", "{1B10E6C4-0B51-4C4F-A3C1-767A7BF8F946}"
EndProject
Project("{FAE04EC0-301F-11D3-BF4B-00C04F79EFBC}") = "Odin.RemoteFiles", "RemoteFiles\Core\Odin.RemoteFiles.csproj", "{5E8ED827-346F-479E-A0DA-CEBA9BDBA608}"
EndProject
Project("{2150E333-8FDC-42A3-9474-1A3956D46DE8}") = "Email", "Email", "{9639D0B7-7422-B408-6257-54E077C42F8A}"
EndProject
Project("{FAE04EC0-301F-11D3-BF4B-00C04F79EFBC}") = "Odin.Email.Mailgun", "Email\Mailgun\Odin.Email.Mailgun.csproj", "{1437A19F-4481-4B49-BFCC-0E4837FD582D}"
EndProject
Project("{2150E333-8FDC-42A3-9474-1A3956D46DE8}") = "Logging", "Logging", "{592BFD43-8236-1486-20CA-62D2F7ED4E57}"
EndProject
Project("{FAE04EC0-301F-11D3-BF4B-00C04F79EFBC}") = "Odin.Logging", "Logging\Core\Odin.Logging.csproj", "{5A827564-78A5-4C7A-A9F3-8A329181EE89}"
EndProject
Project("{FAE04EC0-301F-11D3-BF4B-00C04F79EFBC}") = "Odin.Email", "Email\Core\Odin.Email.csproj", "{98BC7455-52E3-4208-9F95-55C3C91226BA}"
EndProject
Project("{FAE04EC0-301F-11D3-BF4B-00C04F79EFBC}") = "Odin.System.Activator2", "System\Activator2\Odin.System.Activator2.csproj", "{DF79F882-BCEA-4400-A639-89E918347970}"
EndProject
Project("{FAE04EC0-301F-11D3-BF4B-00C04F79EFBC}") = "Odin.System.Strings", "System\Strings\Odin.System.Strings.csproj", "{2BE4016F-97A7-4F79-9792-9E9F911FDC6F}"
EndProject
Project("{FAE04EC0-301F-11D3-BF4B-00C04F79EFBC}") = "Odin.Email.Office365", "Email\Office365\Odin.Email.Office365.csproj", "{EA28360D-BEF0-46B7-BF0F-F84EEE1E8FDA}"
EndProject
Project("{FAE04EC0-301F-11D3-BF4B-00C04F79EFBC}") = "Tests.Odin.Email", "Email\Tests\Tests.Odin.Email.csproj", "{742E7891-70A1-48DF-A19B-C567226A2CFD}"
EndProject
Project("{FAE04EC0-301F-11D3-BF4B-00C04F79EFBC}") = "Tests.Odin.Logging", "Logging\Tests\Tests.Odin.Logging.csproj", "{C57F9DB2-D5E5-4D76-A456-9C1B91078D62}"
EndProject
Project("{2150E333-8FDC-42A3-9474-1A3956D46DE8}") = "Testing", "Testing", "{78DDA25A-7C38-13C4-DE39-740FEE45D7B1}"
EndProject
Project("{2150E333-8FDC-42A3-9474-1A3956D46DE8}") = "Messaging", "Messaging", "{AA81E3CF-C1BB-70B4-13CB-5131BB298347}"
EndProject
Project("{FAE04EC0-301F-11D3-BF4B-00C04F79EFBC}") = "Odin.Messaging.RabbitMq", "Messaging\RabbitMq\Odin.Messaging.RabbitMq.csproj", "{25D5DE4E-049B-451C-909E-13485D297ED4}"
EndProject
Project("{FAE04EC0-301F-11D3-BF4B-00C04F79EFBC}") = "Tests.Odin.Messaging", "Messaging\Tests\Tests.Odin.Messaging.csproj", "{0F882122-6A97-4D31-BEBE-8B5B8A096CEB}"
EndProject
Project("{2150E333-8FDC-42A3-9474-1A3956D46DE8}") = "Database", "Database", "{E0096E63-5207-411F-2649-837654E3C58A}"
EndProject
Project("{FAE04EC0-301F-11D3-BF4B-00C04F79EFBC}") = "Odin.Database.SqlScriptsRunner", "Database\SqlScriptsRunner\Odin.Database.SqlScriptsRunner.csproj", "{8C7E0E48-51CB-4649-B5FC-810C99255330}"
EndProject
Project("{FAE04EC0-301F-11D3-BF4B-00C04F79EFBC}") = "Tests.Odin.Database", "Database\Tests\Tests.Odin.Database.csproj", "{15A3B01A-55DD-4F27-B9F5-FCBB251578F2}"
EndProject
Project("{2150E333-8FDC-42A3-9474-1A3956D46DE8}") = "CQRS", "CQRS", "{EF8D5A62-F0B1-5A35-CE34-34399E664908}"
EndProject
Project("{FAE04EC0-301F-11D3-BF4B-00C04F79EFBC}") = "Odin.CQRS.Abstractions", "CQRS\Abstractions\Odin.CQRS.Abstractions.csproj", "{3037E738-9EDB-4F75-91BF-097CB33F21F5}"
EndProject
Project("{FAE04EC0-301F-11D3-BF4B-00C04F79EFBC}") = "Tests.Odin.System", "System\Tests\Tests.Odin.System.csproj", "{8A206792-ED80-4903-91D7-EBE5E026651F}"
EndProject
Project("{2150E333-8FDC-42A3-9474-1A3956D46DE8}") = "BackgroundProcessing", "BackgroundProcessing", "{BF440C74-E223-3CBF-8FA7-83F7D164F7C3}"
EndProject
Project("{FAE04EC0-301F-11D3-BF4B-00C04F79EFBC}") = "Odin.BackgroundProcessing.Abstractions", "BackgroundProcessing\Abstractions\Odin.BackgroundProcessing.Abstractions.csproj", "{82ECE904-AE61-4492-B801-25EE185FEE02}"
EndProject
Project("{2150E333-8FDC-42A3-9474-1A3956D46DE8}") = "Configuration", "Configuration", "{1ED04488-230B-86DB-8CF1-429704D2F8F4}"
EndProject
Project("{FAE04EC0-301F-11D3-BF4B-00C04F79EFBC}") = "Odin.Configuration.AzureKeyVault", "Configuration\AzureKeyVault\Odin.Configuration.AzureKeyVault.csproj", "{7E4560CD-9489-46ED-B5C6-0B98113E71BF}"
EndProject
Project("{FAE04EC0-301F-11D3-BF4B-00C04F79EFBC}") = "Tests.Odin.CQRS", "CQRS\Tests\Tests.Odin.CQRS.csproj", "{0C039EB2-39BE-4A3F-B413-BD14E18414BC}"
EndProject
Project("{FAE04EC0-301F-11D3-BF4B-00C04F79EFBC}") = "Odin.CQRS", "CQRS\Core\Odin.CQRS.csproj", "{93A53FBC-7194-491D-A7F5-FBB20CC2E345}"
EndProject
Project("{FAE04EC0-301F-11D3-BF4B-00C04F79EFBC}") = "Odin.Testing.NUnitUtility", "Testing\NUnitUtility\Odin.Testing.NUnitUtility.csproj", "{2EB800A1-E958-4E04-B86A-483367BD26DD}"
EndProject
Project("{FAE04EC0-301F-11D3-BF4B-00C04F79EFBC}") = "Odin.BackgroundProcessing.Hangfire", "BackgroundProcessing\Hangfire\Odin.BackgroundProcessing.Hangfire.csproj", "{0B18B3AA-10FE-4579-9B91-B5285848F64F}"
EndProject
Project("{FAE04EC0-301F-11D3-BF4B-00C04F79EFBC}") = "Odin.BackgroundProcessing", "BackgroundProcessing\Core\Odin.BackgroundProcessing.csproj", "{C07759F3-F9A8-4088-B88A-9740EF94D124}"
EndProject
Project("{FAE04EC0-301F-11D3-BF4B-00C04F79EFBC}") = "Tests.Odin.Configuration", "Configuration\Tests\Tests.Odin.Configuration.csproj", "{6FDC683E-3CDF-4F58-A7B2-4B8E85B25F07}"
EndProject
Project("{FAE04EC0-301F-11D3-BF4B-00C04F79EFBC}") = "Tests.Odin.BackgroundProcessing", "BackgroundProcessing\Tests\Tests.Odin.BackgroundProcessing.csproj", "{143B504E-04A2-4A96-8E75-E4E64655EA74}"
EndProject
Project("{FAE04EC0-301F-11D3-BF4B-00C04F79EFBC}") = "Odin.Configuration.AzureBlobJson", "Configuration\AzureBlobJson\Odin.Configuration.AzureBlobJson.csproj", "{69D10204-35E1-4B12-80C1-D2AD3F43EB08}"
EndProject
Project("{2150E333-8FDC-42A3-9474-1A3956D46DE8}") = "Templating", "Templating", "{85003D0A-72DB-A487-DC35-85E02D70F0B1}"
EndProject
Project("{FAE04EC0-301F-11D3-BF4B-00C04F79EFBC}") = "Odin.Templating.Razor.Abstractions", "Templating\Razor.Abstractions\Odin.Templating.Razor.Abstractions.csproj", "{E07012FA-F23E-4CC8-954C-13A3FBC4F409}"
EndProject
Project("{2150E333-8FDC-42A3-9474-1A3956D46DE8}") = "DomainDrivenDesign", "DomainDrivenDesign", "{B411C083-355A-2464-FDEE-681E8D47BB7C}"
EndProject
Project("{FAE04EC0-301F-11D3-BF4B-00C04F79EFBC}") = "Tests.Odin.DDD", "DomainDrivenDesign\Tests\Tests.Odin.DDD.csproj", "{2FFDD58B-EE6B-41C2-91FB-5BAE5ED934FF}"
EndProject
Project("{FAE04EC0-301F-11D3-BF4B-00C04F79EFBC}") = "Odin.DDD", "DomainDrivenDesign\Core\Odin.DDD.csproj", "{E3AA3536-5E52-4E6C-BEFD-D81A955D7E2E}"
EndProject
Project("{FAE04EC0-301F-11D3-BF4B-00C04F79EFBC}") = "Odin.Templating.Razor", "Templating\Razor\Odin.Templating.Razor.csproj", "{E945332A-74B2-4222-8E9D-F05C4C8BF052}"
EndProject
Project("{FAE04EC0-301F-11D3-BF4B-00C04F79EFBC}") = "Tests.Odin.Templating", "Templating\Tests\Tests.Odin.Templating.csproj", "{0B0D22E7-8C75-42E2-9993-78A697509CD2}"
EndProject
Project("{FAE04EC0-301F-11D3-BF4B-00C04F79EFBC}") = "Odin.DDD.Repositories.EF", "DomainDrivenDesign\Repositories-EF\Odin.DDD.Repositories.EF.csproj", "{B59E9D38-653F-4427-89E9-CA5ED3AF1BC2}"
EndProject
Project("{FAE04EC0-301F-11D3-BF4B-00C04F79EFBC}") = "Odin.DDD.Experimental", "DomainDrivenDesign\Experimental\Odin.DDD.Experimental.csproj", "{F82455EB-F0C4-4EAF-B961-60B3E82FEB1B}"
EndProject
Project("{FAE04EC0-301F-11D3-BF4B-00C04F79EFBC}") = "Odin.Testing.Fakes", "Testing\Fakes\Odin.Testing.Fakes.csproj", "{A8995D85-1009-47B4-A76F-0AC0C4A9361C}"
EndProject
Project("{2150E333-8FDC-42A3-9474-1A3956D46DE8}") = "Shared", "Shared", "{4F52FD11-658E-A102-6CD3-7D7C16FFA15B}"
	ProjectSection(SolutionItems) = preProject
		global.json = global.json
		nuget.config = nuget.config
		.github\workflows\publish.yml = .github\workflows\publish.yml
		Directory.Build.props = Directory.Build.props
		.github\workflows\pr-validation.yml = .github\workflows\pr-validation.yml
		LICENSE.md = LICENSE.md
		README.md = README.md
		GitVersion.yml = GitVersion.yml
		.gitignore = .gitignore
		TestsOnly.sln = TestsOnly.sln
		Directory.Packages.props = Directory.Packages.props
		.editorconfig = .editorconfig
		AGENTS.md = AGENTS.md
	EndProjectSection
EndProject
Project("{FAE04EC0-301F-11D3-BF4B-00C04F79EFBC}") = "Odin.Testing", "Testing\Core\Odin.Testing.csproj", "{CF698E79-D46D-4082-9CC2-EBE463877D50}"
EndProject
Project("{2150E333-8FDC-42A3-9474-1A3956D46DE8}") = "Emailing", "Emailing", "{BC84F29A-777F-49ED-A17F-004D0F016FD4}"
EndProject
Project("{FAE04EC0-301F-11D3-BF4B-00C04F79EFBC}") = "Odin.Emailing", "Emailing\Core\Odin.Emailing.csproj", "{BE379012-8593-474D-9418-F565AE1B7172}"
EndProject
Project("{FAE04EC0-301F-11D3-BF4B-00C04F79EFBC}") = "Odin.Emailing.Mailgun", "Emailing\Mailgun\Odin.Emailing.Mailgun.csproj", "{EDB3BBF1-FB3B-47F3-9A24-B5CCF5091D9D}"
EndProject
Project("{FAE04EC0-301F-11D3-BF4B-00C04F79EFBC}") = "Odin.Emailing.Office365", "Emailing\Office365\Odin.Emailing.Office365.csproj", "{76F7D843-D359-40F7-9355-854DA929B4AD}"
EndProject
Project("{FAE04EC0-301F-11D3-BF4B-00C04F79EFBC}") = "Tests.Odin.Emailing", "Emailing\Tests\Tests.Odin.Emailing.csproj", "{CA7BA620-74F0-4843-B10C-0B7CABE342BC}"
EndProject
Project("{FAE04EC0-301F-11D3-BF4B-00C04F79EFBC}") = "Odin.Testing.XUnitUtility", "Testing\XUnitUtility\Odin.Testing.XUnitUtility.csproj", "{7BB3A621-CE16-4146-9ECB-D8EC24F7DCB5}"
EndProject
Project("{FAE04EC0-301F-11D3-BF4B-00C04F79EFBC}") = "Odin.Testing.XUnitV2Utility", "Testing\XUnitV2Utility\Odin.Testing.XUnitV2Utility.csproj", "{4E0D3B1F-733D-4D5A-AC92-25F8A141358D}"
EndProject
Global
	GlobalSection(SolutionConfigurationPlatforms) = preSolution
		Debug|Any CPU = Debug|Any CPU
		Debug|x64 = Debug|x64
		Debug|x86 = Debug|x86
		Release|Any CPU = Release|Any CPU
		Release|x64 = Release|x64
		Release|x86 = Release|x86
	EndGlobalSection
	GlobalSection(ProjectConfigurationPlatforms) = postSolution
		{06DE3EA8-C467-4BB0-8654-F3424709094A}.Debug|Any CPU.ActiveCfg = Debug|Any CPU
		{06DE3EA8-C467-4BB0-8654-F3424709094A}.Debug|Any CPU.Build.0 = Debug|Any CPU
		{06DE3EA8-C467-4BB0-8654-F3424709094A}.Debug|x64.ActiveCfg = Debug|Any CPU
		{06DE3EA8-C467-4BB0-8654-F3424709094A}.Debug|x64.Build.0 = Debug|Any CPU
		{06DE3EA8-C467-4BB0-8654-F3424709094A}.Debug|x86.ActiveCfg = Debug|Any CPU
		{06DE3EA8-C467-4BB0-8654-F3424709094A}.Debug|x86.Build.0 = Debug|Any CPU
		{06DE3EA8-C467-4BB0-8654-F3424709094A}.Release|Any CPU.ActiveCfg = Release|Any CPU
		{06DE3EA8-C467-4BB0-8654-F3424709094A}.Release|Any CPU.Build.0 = Release|Any CPU
		{06DE3EA8-C467-4BB0-8654-F3424709094A}.Release|x64.ActiveCfg = Release|Any CPU
		{06DE3EA8-C467-4BB0-8654-F3424709094A}.Release|x64.Build.0 = Release|Any CPU
		{06DE3EA8-C467-4BB0-8654-F3424709094A}.Release|x86.ActiveCfg = Release|Any CPU
		{06DE3EA8-C467-4BB0-8654-F3424709094A}.Release|x86.Build.0 = Release|Any CPU
		{41D1882A-D27E-445B-AF0E-0F2D0CA46352}.Debug|Any CPU.ActiveCfg = Debug|Any CPU
		{41D1882A-D27E-445B-AF0E-0F2D0CA46352}.Debug|Any CPU.Build.0 = Debug|Any CPU
		{41D1882A-D27E-445B-AF0E-0F2D0CA46352}.Debug|x64.ActiveCfg = Debug|Any CPU
		{41D1882A-D27E-445B-AF0E-0F2D0CA46352}.Debug|x64.Build.0 = Debug|Any CPU
		{41D1882A-D27E-445B-AF0E-0F2D0CA46352}.Debug|x86.ActiveCfg = Debug|Any CPU
		{41D1882A-D27E-445B-AF0E-0F2D0CA46352}.Debug|x86.Build.0 = Debug|Any CPU
		{41D1882A-D27E-445B-AF0E-0F2D0CA46352}.Release|Any CPU.ActiveCfg = Release|Any CPU
		{41D1882A-D27E-445B-AF0E-0F2D0CA46352}.Release|Any CPU.Build.0 = Release|Any CPU
		{41D1882A-D27E-445B-AF0E-0F2D0CA46352}.Release|x64.ActiveCfg = Release|Any CPU
		{41D1882A-D27E-445B-AF0E-0F2D0CA46352}.Release|x64.Build.0 = Release|Any CPU
		{41D1882A-D27E-445B-AF0E-0F2D0CA46352}.Release|x86.ActiveCfg = Release|Any CPU
		{41D1882A-D27E-445B-AF0E-0F2D0CA46352}.Release|x86.Build.0 = Release|Any CPU
		{72478837-59C0-4E75-AEF8-8CD91D9C799E}.Debug|Any CPU.ActiveCfg = Debug|Any CPU
		{72478837-59C0-4E75-AEF8-8CD91D9C799E}.Debug|Any CPU.Build.0 = Debug|Any CPU
		{72478837-59C0-4E75-AEF8-8CD91D9C799E}.Debug|x64.ActiveCfg = Debug|Any CPU
		{72478837-59C0-4E75-AEF8-8CD91D9C799E}.Debug|x64.Build.0 = Debug|Any CPU
		{72478837-59C0-4E75-AEF8-8CD91D9C799E}.Debug|x86.ActiveCfg = Debug|Any CPU
		{72478837-59C0-4E75-AEF8-8CD91D9C799E}.Debug|x86.Build.0 = Debug|Any CPU
		{72478837-59C0-4E75-AEF8-8CD91D9C799E}.Release|Any CPU.ActiveCfg = Release|Any CPU
		{72478837-59C0-4E75-AEF8-8CD91D9C799E}.Release|Any CPU.Build.0 = Release|Any CPU
		{72478837-59C0-4E75-AEF8-8CD91D9C799E}.Release|x64.ActiveCfg = Release|Any CPU
		{72478837-59C0-4E75-AEF8-8CD91D9C799E}.Release|x64.Build.0 = Release|Any CPU
		{72478837-59C0-4E75-AEF8-8CD91D9C799E}.Release|x86.ActiveCfg = Release|Any CPU
		{72478837-59C0-4E75-AEF8-8CD91D9C799E}.Release|x86.Build.0 = Release|Any CPU
		{4514DC00-A6E6-4BDC-AF49-BEEA9641DC33}.Debug|Any CPU.ActiveCfg = Debug|Any CPU
		{4514DC00-A6E6-4BDC-AF49-BEEA9641DC33}.Debug|Any CPU.Build.0 = Debug|Any CPU
		{4514DC00-A6E6-4BDC-AF49-BEEA9641DC33}.Debug|x64.ActiveCfg = Debug|Any CPU
		{4514DC00-A6E6-4BDC-AF49-BEEA9641DC33}.Debug|x64.Build.0 = Debug|Any CPU
		{4514DC00-A6E6-4BDC-AF49-BEEA9641DC33}.Debug|x86.ActiveCfg = Debug|Any CPU
		{4514DC00-A6E6-4BDC-AF49-BEEA9641DC33}.Debug|x86.Build.0 = Debug|Any CPU
		{4514DC00-A6E6-4BDC-AF49-BEEA9641DC33}.Release|Any CPU.ActiveCfg = Release|Any CPU
		{4514DC00-A6E6-4BDC-AF49-BEEA9641DC33}.Release|Any CPU.Build.0 = Release|Any CPU
		{4514DC00-A6E6-4BDC-AF49-BEEA9641DC33}.Release|x64.ActiveCfg = Release|Any CPU
		{4514DC00-A6E6-4BDC-AF49-BEEA9641DC33}.Release|x64.Build.0 = Release|Any CPU
		{4514DC00-A6E6-4BDC-AF49-BEEA9641DC33}.Release|x86.ActiveCfg = Release|Any CPU
		{4514DC00-A6E6-4BDC-AF49-BEEA9641DC33}.Release|x86.Build.0 = Release|Any CPU
		{17D9B94F-C4BB-44D6-BB43-135E0AE133DA}.Debug|Any CPU.ActiveCfg = Debug|Any CPU
		{17D9B94F-C4BB-44D6-BB43-135E0AE133DA}.Debug|Any CPU.Build.0 = Debug|Any CPU
		{17D9B94F-C4BB-44D6-BB43-135E0AE133DA}.Debug|x64.ActiveCfg = Debug|Any CPU
		{17D9B94F-C4BB-44D6-BB43-135E0AE133DA}.Debug|x64.Build.0 = Debug|Any CPU
		{17D9B94F-C4BB-44D6-BB43-135E0AE133DA}.Debug|x86.ActiveCfg = Debug|Any CPU
		{17D9B94F-C4BB-44D6-BB43-135E0AE133DA}.Debug|x86.Build.0 = Debug|Any CPU
		{17D9B94F-C4BB-44D6-BB43-135E0AE133DA}.Release|Any CPU.ActiveCfg = Release|Any CPU
		{17D9B94F-C4BB-44D6-BB43-135E0AE133DA}.Release|Any CPU.Build.0 = Release|Any CPU
		{17D9B94F-C4BB-44D6-BB43-135E0AE133DA}.Release|x64.ActiveCfg = Release|Any CPU
		{17D9B94F-C4BB-44D6-BB43-135E0AE133DA}.Release|x64.Build.0 = Release|Any CPU
		{17D9B94F-C4BB-44D6-BB43-135E0AE133DA}.Release|x86.ActiveCfg = Release|Any CPU
		{17D9B94F-C4BB-44D6-BB43-135E0AE133DA}.Release|x86.Build.0 = Release|Any CPU
		{E40AA85A-78F9-40A9-852B-A0C90A64D76F}.Debug|Any CPU.ActiveCfg = Debug|Any CPU
		{E40AA85A-78F9-40A9-852B-A0C90A64D76F}.Debug|Any CPU.Build.0 = Debug|Any CPU
		{E40AA85A-78F9-40A9-852B-A0C90A64D76F}.Debug|x64.ActiveCfg = Debug|Any CPU
		{E40AA85A-78F9-40A9-852B-A0C90A64D76F}.Debug|x64.Build.0 = Debug|Any CPU
		{E40AA85A-78F9-40A9-852B-A0C90A64D76F}.Debug|x86.ActiveCfg = Debug|Any CPU
		{E40AA85A-78F9-40A9-852B-A0C90A64D76F}.Debug|x86.Build.0 = Debug|Any CPU
		{E40AA85A-78F9-40A9-852B-A0C90A64D76F}.Release|Any CPU.ActiveCfg = Release|Any CPU
		{E40AA85A-78F9-40A9-852B-A0C90A64D76F}.Release|Any CPU.Build.0 = Release|Any CPU
		{E40AA85A-78F9-40A9-852B-A0C90A64D76F}.Release|x64.ActiveCfg = Release|Any CPU
		{E40AA85A-78F9-40A9-852B-A0C90A64D76F}.Release|x64.Build.0 = Release|Any CPU
		{E40AA85A-78F9-40A9-852B-A0C90A64D76F}.Release|x86.ActiveCfg = Release|Any CPU
		{E40AA85A-78F9-40A9-852B-A0C90A64D76F}.Release|x86.Build.0 = Release|Any CPU
		{D35292B8-A256-4921-BC60-55CB1F467986}.Debug|Any CPU.ActiveCfg = Debug|Any CPU
		{D35292B8-A256-4921-BC60-55CB1F467986}.Debug|Any CPU.Build.0 = Debug|Any CPU
		{D35292B8-A256-4921-BC60-55CB1F467986}.Debug|x64.ActiveCfg = Debug|Any CPU
		{D35292B8-A256-4921-BC60-55CB1F467986}.Debug|x64.Build.0 = Debug|Any CPU
		{D35292B8-A256-4921-BC60-55CB1F467986}.Debug|x86.ActiveCfg = Debug|Any CPU
		{D35292B8-A256-4921-BC60-55CB1F467986}.Debug|x86.Build.0 = Debug|Any CPU
		{D35292B8-A256-4921-BC60-55CB1F467986}.Release|Any CPU.ActiveCfg = Release|Any CPU
		{D35292B8-A256-4921-BC60-55CB1F467986}.Release|Any CPU.Build.0 = Release|Any CPU
		{D35292B8-A256-4921-BC60-55CB1F467986}.Release|x64.ActiveCfg = Release|Any CPU
		{D35292B8-A256-4921-BC60-55CB1F467986}.Release|x64.Build.0 = Release|Any CPU
		{D35292B8-A256-4921-BC60-55CB1F467986}.Release|x86.ActiveCfg = Release|Any CPU
		{D35292B8-A256-4921-BC60-55CB1F467986}.Release|x86.Build.0 = Release|Any CPU
		{BEA39CB2-9B6D-4971-B592-430932ED1935}.Debug|Any CPU.ActiveCfg = Debug|Any CPU
		{BEA39CB2-9B6D-4971-B592-430932ED1935}.Debug|Any CPU.Build.0 = Debug|Any CPU
		{BEA39CB2-9B6D-4971-B592-430932ED1935}.Debug|x64.ActiveCfg = Debug|Any CPU
		{BEA39CB2-9B6D-4971-B592-430932ED1935}.Debug|x64.Build.0 = Debug|Any CPU
		{BEA39CB2-9B6D-4971-B592-430932ED1935}.Debug|x86.ActiveCfg = Debug|Any CPU
		{BEA39CB2-9B6D-4971-B592-430932ED1935}.Debug|x86.Build.0 = Debug|Any CPU
		{BEA39CB2-9B6D-4971-B592-430932ED1935}.Release|Any CPU.ActiveCfg = Release|Any CPU
		{BEA39CB2-9B6D-4971-B592-430932ED1935}.Release|Any CPU.Build.0 = Release|Any CPU
		{BEA39CB2-9B6D-4971-B592-430932ED1935}.Release|x64.ActiveCfg = Release|Any CPU
		{BEA39CB2-9B6D-4971-B592-430932ED1935}.Release|x64.Build.0 = Release|Any CPU
		{BEA39CB2-9B6D-4971-B592-430932ED1935}.Release|x86.ActiveCfg = Release|Any CPU
		{BEA39CB2-9B6D-4971-B592-430932ED1935}.Release|x86.Build.0 = Release|Any CPU
		{7887AF1D-5EB5-4CB6-906E-EC3668601581}.Debug|Any CPU.ActiveCfg = Debug|Any CPU
		{7887AF1D-5EB5-4CB6-906E-EC3668601581}.Debug|Any CPU.Build.0 = Debug|Any CPU
		{7887AF1D-5EB5-4CB6-906E-EC3668601581}.Debug|x64.ActiveCfg = Debug|Any CPU
		{7887AF1D-5EB5-4CB6-906E-EC3668601581}.Debug|x64.Build.0 = Debug|Any CPU
		{7887AF1D-5EB5-4CB6-906E-EC3668601581}.Debug|x86.ActiveCfg = Debug|Any CPU
		{7887AF1D-5EB5-4CB6-906E-EC3668601581}.Debug|x86.Build.0 = Debug|Any CPU
		{7887AF1D-5EB5-4CB6-906E-EC3668601581}.Release|Any CPU.ActiveCfg = Release|Any CPU
		{7887AF1D-5EB5-4CB6-906E-EC3668601581}.Release|Any CPU.Build.0 = Release|Any CPU
		{7887AF1D-5EB5-4CB6-906E-EC3668601581}.Release|x64.ActiveCfg = Release|Any CPU
		{7887AF1D-5EB5-4CB6-906E-EC3668601581}.Release|x64.Build.0 = Release|Any CPU
		{7887AF1D-5EB5-4CB6-906E-EC3668601581}.Release|x86.ActiveCfg = Release|Any CPU
		{7887AF1D-5EB5-4CB6-906E-EC3668601581}.Release|x86.Build.0 = Release|Any CPU
		{1B10E6C4-0B51-4C4F-A3C1-767A7BF8F946}.Debug|Any CPU.ActiveCfg = Debug|Any CPU
		{1B10E6C4-0B51-4C4F-A3C1-767A7BF8F946}.Debug|Any CPU.Build.0 = Debug|Any CPU
		{1B10E6C4-0B51-4C4F-A3C1-767A7BF8F946}.Debug|x64.ActiveCfg = Debug|Any CPU
		{1B10E6C4-0B51-4C4F-A3C1-767A7BF8F946}.Debug|x64.Build.0 = Debug|Any CPU
		{1B10E6C4-0B51-4C4F-A3C1-767A7BF8F946}.Debug|x86.ActiveCfg = Debug|Any CPU
		{1B10E6C4-0B51-4C4F-A3C1-767A7BF8F946}.Debug|x86.Build.0 = Debug|Any CPU
		{1B10E6C4-0B51-4C4F-A3C1-767A7BF8F946}.Release|Any CPU.ActiveCfg = Release|Any CPU
		{1B10E6C4-0B51-4C4F-A3C1-767A7BF8F946}.Release|Any CPU.Build.0 = Release|Any CPU
		{1B10E6C4-0B51-4C4F-A3C1-767A7BF8F946}.Release|x64.ActiveCfg = Release|Any CPU
		{1B10E6C4-0B51-4C4F-A3C1-767A7BF8F946}.Release|x64.Build.0 = Release|Any CPU
		{1B10E6C4-0B51-4C4F-A3C1-767A7BF8F946}.Release|x86.ActiveCfg = Release|Any CPU
		{1B10E6C4-0B51-4C4F-A3C1-767A7BF8F946}.Release|x86.Build.0 = Release|Any CPU
		{5E8ED827-346F-479E-A0DA-CEBA9BDBA608}.Debug|Any CPU.ActiveCfg = Debug|Any CPU
		{5E8ED827-346F-479E-A0DA-CEBA9BDBA608}.Debug|Any CPU.Build.0 = Debug|Any CPU
		{5E8ED827-346F-479E-A0DA-CEBA9BDBA608}.Debug|x64.ActiveCfg = Debug|Any CPU
		{5E8ED827-346F-479E-A0DA-CEBA9BDBA608}.Debug|x64.Build.0 = Debug|Any CPU
		{5E8ED827-346F-479E-A0DA-CEBA9BDBA608}.Debug|x86.ActiveCfg = Debug|Any CPU
		{5E8ED827-346F-479E-A0DA-CEBA9BDBA608}.Debug|x86.Build.0 = Debug|Any CPU
		{5E8ED827-346F-479E-A0DA-CEBA9BDBA608}.Release|Any CPU.ActiveCfg = Release|Any CPU
		{5E8ED827-346F-479E-A0DA-CEBA9BDBA608}.Release|Any CPU.Build.0 = Release|Any CPU
		{5E8ED827-346F-479E-A0DA-CEBA9BDBA608}.Release|x64.ActiveCfg = Release|Any CPU
		{5E8ED827-346F-479E-A0DA-CEBA9BDBA608}.Release|x64.Build.0 = Release|Any CPU
		{5E8ED827-346F-479E-A0DA-CEBA9BDBA608}.Release|x86.ActiveCfg = Release|Any CPU
		{5E8ED827-346F-479E-A0DA-CEBA9BDBA608}.Release|x86.Build.0 = Release|Any CPU
		{1437A19F-4481-4B49-BFCC-0E4837FD582D}.Debug|Any CPU.ActiveCfg = Debug|Any CPU
		{1437A19F-4481-4B49-BFCC-0E4837FD582D}.Debug|Any CPU.Build.0 = Debug|Any CPU
		{1437A19F-4481-4B49-BFCC-0E4837FD582D}.Debug|x64.ActiveCfg = Debug|Any CPU
		{1437A19F-4481-4B49-BFCC-0E4837FD582D}.Debug|x64.Build.0 = Debug|Any CPU
		{1437A19F-4481-4B49-BFCC-0E4837FD582D}.Debug|x86.ActiveCfg = Debug|Any CPU
		{1437A19F-4481-4B49-BFCC-0E4837FD582D}.Debug|x86.Build.0 = Debug|Any CPU
		{1437A19F-4481-4B49-BFCC-0E4837FD582D}.Release|Any CPU.ActiveCfg = Release|Any CPU
		{1437A19F-4481-4B49-BFCC-0E4837FD582D}.Release|Any CPU.Build.0 = Release|Any CPU
		{1437A19F-4481-4B49-BFCC-0E4837FD582D}.Release|x64.ActiveCfg = Release|Any CPU
		{1437A19F-4481-4B49-BFCC-0E4837FD582D}.Release|x64.Build.0 = Release|Any CPU
		{1437A19F-4481-4B49-BFCC-0E4837FD582D}.Release|x86.ActiveCfg = Release|Any CPU
		{1437A19F-4481-4B49-BFCC-0E4837FD582D}.Release|x86.Build.0 = Release|Any CPU
		{5A827564-78A5-4C7A-A9F3-8A329181EE89}.Debug|Any CPU.ActiveCfg = Debug|Any CPU
		{5A827564-78A5-4C7A-A9F3-8A329181EE89}.Debug|Any CPU.Build.0 = Debug|Any CPU
		{5A827564-78A5-4C7A-A9F3-8A329181EE89}.Debug|x64.ActiveCfg = Debug|Any CPU
		{5A827564-78A5-4C7A-A9F3-8A329181EE89}.Debug|x64.Build.0 = Debug|Any CPU
		{5A827564-78A5-4C7A-A9F3-8A329181EE89}.Debug|x86.ActiveCfg = Debug|Any CPU
		{5A827564-78A5-4C7A-A9F3-8A329181EE89}.Debug|x86.Build.0 = Debug|Any CPU
		{5A827564-78A5-4C7A-A9F3-8A329181EE89}.Release|Any CPU.ActiveCfg = Release|Any CPU
		{5A827564-78A5-4C7A-A9F3-8A329181EE89}.Release|Any CPU.Build.0 = Release|Any CPU
		{5A827564-78A5-4C7A-A9F3-8A329181EE89}.Release|x64.ActiveCfg = Release|Any CPU
		{5A827564-78A5-4C7A-A9F3-8A329181EE89}.Release|x64.Build.0 = Release|Any CPU
		{5A827564-78A5-4C7A-A9F3-8A329181EE89}.Release|x86.ActiveCfg = Release|Any CPU
		{5A827564-78A5-4C7A-A9F3-8A329181EE89}.Release|x86.Build.0 = Release|Any CPU
		{98BC7455-52E3-4208-9F95-55C3C91226BA}.Debug|Any CPU.ActiveCfg = Debug|Any CPU
		{98BC7455-52E3-4208-9F95-55C3C91226BA}.Debug|Any CPU.Build.0 = Debug|Any CPU
		{98BC7455-52E3-4208-9F95-55C3C91226BA}.Debug|x64.ActiveCfg = Debug|Any CPU
		{98BC7455-52E3-4208-9F95-55C3C91226BA}.Debug|x64.Build.0 = Debug|Any CPU
		{98BC7455-52E3-4208-9F95-55C3C91226BA}.Debug|x86.ActiveCfg = Debug|Any CPU
		{98BC7455-52E3-4208-9F95-55C3C91226BA}.Debug|x86.Build.0 = Debug|Any CPU
		{98BC7455-52E3-4208-9F95-55C3C91226BA}.Release|Any CPU.ActiveCfg = Release|Any CPU
		{98BC7455-52E3-4208-9F95-55C3C91226BA}.Release|Any CPU.Build.0 = Release|Any CPU
		{98BC7455-52E3-4208-9F95-55C3C91226BA}.Release|x64.ActiveCfg = Release|Any CPU
		{98BC7455-52E3-4208-9F95-55C3C91226BA}.Release|x64.Build.0 = Release|Any CPU
		{98BC7455-52E3-4208-9F95-55C3C91226BA}.Release|x86.ActiveCfg = Release|Any CPU
		{98BC7455-52E3-4208-9F95-55C3C91226BA}.Release|x86.Build.0 = Release|Any CPU
		{DF79F882-BCEA-4400-A639-89E918347970}.Debug|Any CPU.ActiveCfg = Debug|Any CPU
		{DF79F882-BCEA-4400-A639-89E918347970}.Debug|Any CPU.Build.0 = Debug|Any CPU
		{DF79F882-BCEA-4400-A639-89E918347970}.Debug|x64.ActiveCfg = Debug|Any CPU
		{DF79F882-BCEA-4400-A639-89E918347970}.Debug|x64.Build.0 = Debug|Any CPU
		{DF79F882-BCEA-4400-A639-89E918347970}.Debug|x86.ActiveCfg = Debug|Any CPU
		{DF79F882-BCEA-4400-A639-89E918347970}.Debug|x86.Build.0 = Debug|Any CPU
		{DF79F882-BCEA-4400-A639-89E918347970}.Release|Any CPU.ActiveCfg = Release|Any CPU
		{DF79F882-BCEA-4400-A639-89E918347970}.Release|Any CPU.Build.0 = Release|Any CPU
		{DF79F882-BCEA-4400-A639-89E918347970}.Release|x64.ActiveCfg = Release|Any CPU
		{DF79F882-BCEA-4400-A639-89E918347970}.Release|x64.Build.0 = Release|Any CPU
		{DF79F882-BCEA-4400-A639-89E918347970}.Release|x86.ActiveCfg = Release|Any CPU
		{DF79F882-BCEA-4400-A639-89E918347970}.Release|x86.Build.0 = Release|Any CPU
		{2BE4016F-97A7-4F79-9792-9E9F911FDC6F}.Debug|Any CPU.ActiveCfg = Debug|Any CPU
		{2BE4016F-97A7-4F79-9792-9E9F911FDC6F}.Debug|Any CPU.Build.0 = Debug|Any CPU
		{2BE4016F-97A7-4F79-9792-9E9F911FDC6F}.Debug|x64.ActiveCfg = Debug|Any CPU
		{2BE4016F-97A7-4F79-9792-9E9F911FDC6F}.Debug|x64.Build.0 = Debug|Any CPU
		{2BE4016F-97A7-4F79-9792-9E9F911FDC6F}.Debug|x86.ActiveCfg = Debug|Any CPU
		{2BE4016F-97A7-4F79-9792-9E9F911FDC6F}.Debug|x86.Build.0 = Debug|Any CPU
		{2BE4016F-97A7-4F79-9792-9E9F911FDC6F}.Release|Any CPU.ActiveCfg = Release|Any CPU
		{2BE4016F-97A7-4F79-9792-9E9F911FDC6F}.Release|Any CPU.Build.0 = Release|Any CPU
		{2BE4016F-97A7-4F79-9792-9E9F911FDC6F}.Release|x64.ActiveCfg = Release|Any CPU
		{2BE4016F-97A7-4F79-9792-9E9F911FDC6F}.Release|x64.Build.0 = Release|Any CPU
		{2BE4016F-97A7-4F79-9792-9E9F911FDC6F}.Release|x86.ActiveCfg = Release|Any CPU
		{2BE4016F-97A7-4F79-9792-9E9F911FDC6F}.Release|x86.Build.0 = Release|Any CPU
		{EA28360D-BEF0-46B7-BF0F-F84EEE1E8FDA}.Debug|Any CPU.ActiveCfg = Debug|Any CPU
		{EA28360D-BEF0-46B7-BF0F-F84EEE1E8FDA}.Debug|Any CPU.Build.0 = Debug|Any CPU
		{EA28360D-BEF0-46B7-BF0F-F84EEE1E8FDA}.Debug|x64.ActiveCfg = Debug|Any CPU
		{EA28360D-BEF0-46B7-BF0F-F84EEE1E8FDA}.Debug|x64.Build.0 = Debug|Any CPU
		{EA28360D-BEF0-46B7-BF0F-F84EEE1E8FDA}.Debug|x86.ActiveCfg = Debug|Any CPU
		{EA28360D-BEF0-46B7-BF0F-F84EEE1E8FDA}.Debug|x86.Build.0 = Debug|Any CPU
		{EA28360D-BEF0-46B7-BF0F-F84EEE1E8FDA}.Release|Any CPU.ActiveCfg = Release|Any CPU
		{EA28360D-BEF0-46B7-BF0F-F84EEE1E8FDA}.Release|Any CPU.Build.0 = Release|Any CPU
		{EA28360D-BEF0-46B7-BF0F-F84EEE1E8FDA}.Release|x64.ActiveCfg = Release|Any CPU
		{EA28360D-BEF0-46B7-BF0F-F84EEE1E8FDA}.Release|x64.Build.0 = Release|Any CPU
		{EA28360D-BEF0-46B7-BF0F-F84EEE1E8FDA}.Release|x86.ActiveCfg = Release|Any CPU
		{EA28360D-BEF0-46B7-BF0F-F84EEE1E8FDA}.Release|x86.Build.0 = Release|Any CPU
		{742E7891-70A1-48DF-A19B-C567226A2CFD}.Debug|Any CPU.ActiveCfg = Debug|Any CPU
		{742E7891-70A1-48DF-A19B-C567226A2CFD}.Debug|Any CPU.Build.0 = Debug|Any CPU
		{742E7891-70A1-48DF-A19B-C567226A2CFD}.Debug|x64.ActiveCfg = Debug|Any CPU
		{742E7891-70A1-48DF-A19B-C567226A2CFD}.Debug|x64.Build.0 = Debug|Any CPU
		{742E7891-70A1-48DF-A19B-C567226A2CFD}.Debug|x86.ActiveCfg = Debug|Any CPU
		{742E7891-70A1-48DF-A19B-C567226A2CFD}.Debug|x86.Build.0 = Debug|Any CPU
		{742E7891-70A1-48DF-A19B-C567226A2CFD}.Release|Any CPU.ActiveCfg = Release|Any CPU
		{742E7891-70A1-48DF-A19B-C567226A2CFD}.Release|Any CPU.Build.0 = Release|Any CPU
		{742E7891-70A1-48DF-A19B-C567226A2CFD}.Release|x64.ActiveCfg = Release|Any CPU
		{742E7891-70A1-48DF-A19B-C567226A2CFD}.Release|x64.Build.0 = Release|Any CPU
		{742E7891-70A1-48DF-A19B-C567226A2CFD}.Release|x86.ActiveCfg = Release|Any CPU
		{742E7891-70A1-48DF-A19B-C567226A2CFD}.Release|x86.Build.0 = Release|Any CPU
		{C57F9DB2-D5E5-4D76-A456-9C1B91078D62}.Debug|Any CPU.ActiveCfg = Debug|Any CPU
		{C57F9DB2-D5E5-4D76-A456-9C1B91078D62}.Debug|Any CPU.Build.0 = Debug|Any CPU
		{C57F9DB2-D5E5-4D76-A456-9C1B91078D62}.Debug|x64.ActiveCfg = Debug|Any CPU
		{C57F9DB2-D5E5-4D76-A456-9C1B91078D62}.Debug|x64.Build.0 = Debug|Any CPU
		{C57F9DB2-D5E5-4D76-A456-9C1B91078D62}.Debug|x86.ActiveCfg = Debug|Any CPU
		{C57F9DB2-D5E5-4D76-A456-9C1B91078D62}.Debug|x86.Build.0 = Debug|Any CPU
		{C57F9DB2-D5E5-4D76-A456-9C1B91078D62}.Release|Any CPU.ActiveCfg = Release|Any CPU
		{C57F9DB2-D5E5-4D76-A456-9C1B91078D62}.Release|Any CPU.Build.0 = Release|Any CPU
		{C57F9DB2-D5E5-4D76-A456-9C1B91078D62}.Release|x64.ActiveCfg = Release|Any CPU
		{C57F9DB2-D5E5-4D76-A456-9C1B91078D62}.Release|x64.Build.0 = Release|Any CPU
		{C57F9DB2-D5E5-4D76-A456-9C1B91078D62}.Release|x86.ActiveCfg = Release|Any CPU
		{C57F9DB2-D5E5-4D76-A456-9C1B91078D62}.Release|x86.Build.0 = Release|Any CPU
		{25D5DE4E-049B-451C-909E-13485D297ED4}.Debug|Any CPU.ActiveCfg = Debug|Any CPU
		{25D5DE4E-049B-451C-909E-13485D297ED4}.Debug|Any CPU.Build.0 = Debug|Any CPU
		{25D5DE4E-049B-451C-909E-13485D297ED4}.Debug|x64.ActiveCfg = Debug|Any CPU
		{25D5DE4E-049B-451C-909E-13485D297ED4}.Debug|x64.Build.0 = Debug|Any CPU
		{25D5DE4E-049B-451C-909E-13485D297ED4}.Debug|x86.ActiveCfg = Debug|Any CPU
		{25D5DE4E-049B-451C-909E-13485D297ED4}.Debug|x86.Build.0 = Debug|Any CPU
		{25D5DE4E-049B-451C-909E-13485D297ED4}.Release|Any CPU.ActiveCfg = Release|Any CPU
		{25D5DE4E-049B-451C-909E-13485D297ED4}.Release|Any CPU.Build.0 = Release|Any CPU
		{25D5DE4E-049B-451C-909E-13485D297ED4}.Release|x64.ActiveCfg = Release|Any CPU
		{25D5DE4E-049B-451C-909E-13485D297ED4}.Release|x64.Build.0 = Release|Any CPU
		{25D5DE4E-049B-451C-909E-13485D297ED4}.Release|x86.ActiveCfg = Release|Any CPU
		{25D5DE4E-049B-451C-909E-13485D297ED4}.Release|x86.Build.0 = Release|Any CPU
		{0F882122-6A97-4D31-BEBE-8B5B8A096CEB}.Debug|Any CPU.ActiveCfg = Debug|Any CPU
		{0F882122-6A97-4D31-BEBE-8B5B8A096CEB}.Debug|Any CPU.Build.0 = Debug|Any CPU
		{0F882122-6A97-4D31-BEBE-8B5B8A096CEB}.Debug|x64.ActiveCfg = Debug|Any CPU
		{0F882122-6A97-4D31-BEBE-8B5B8A096CEB}.Debug|x64.Build.0 = Debug|Any CPU
		{0F882122-6A97-4D31-BEBE-8B5B8A096CEB}.Debug|x86.ActiveCfg = Debug|Any CPU
		{0F882122-6A97-4D31-BEBE-8B5B8A096CEB}.Debug|x86.Build.0 = Debug|Any CPU
		{0F882122-6A97-4D31-BEBE-8B5B8A096CEB}.Release|Any CPU.ActiveCfg = Release|Any CPU
		{0F882122-6A97-4D31-BEBE-8B5B8A096CEB}.Release|Any CPU.Build.0 = Release|Any CPU
		{0F882122-6A97-4D31-BEBE-8B5B8A096CEB}.Release|x64.ActiveCfg = Release|Any CPU
		{0F882122-6A97-4D31-BEBE-8B5B8A096CEB}.Release|x64.Build.0 = Release|Any CPU
		{0F882122-6A97-4D31-BEBE-8B5B8A096CEB}.Release|x86.ActiveCfg = Release|Any CPU
		{0F882122-6A97-4D31-BEBE-8B5B8A096CEB}.Release|x86.Build.0 = Release|Any CPU
		{8C7E0E48-51CB-4649-B5FC-810C99255330}.Debug|Any CPU.ActiveCfg = Debug|Any CPU
		{8C7E0E48-51CB-4649-B5FC-810C99255330}.Debug|Any CPU.Build.0 = Debug|Any CPU
		{8C7E0E48-51CB-4649-B5FC-810C99255330}.Debug|x64.ActiveCfg = Debug|Any CPU
		{8C7E0E48-51CB-4649-B5FC-810C99255330}.Debug|x64.Build.0 = Debug|Any CPU
		{8C7E0E48-51CB-4649-B5FC-810C99255330}.Debug|x86.ActiveCfg = Debug|Any CPU
		{8C7E0E48-51CB-4649-B5FC-810C99255330}.Debug|x86.Build.0 = Debug|Any CPU
		{8C7E0E48-51CB-4649-B5FC-810C99255330}.Release|Any CPU.ActiveCfg = Release|Any CPU
		{8C7E0E48-51CB-4649-B5FC-810C99255330}.Release|Any CPU.Build.0 = Release|Any CPU
		{8C7E0E48-51CB-4649-B5FC-810C99255330}.Release|x64.ActiveCfg = Release|Any CPU
		{8C7E0E48-51CB-4649-B5FC-810C99255330}.Release|x64.Build.0 = Release|Any CPU
		{8C7E0E48-51CB-4649-B5FC-810C99255330}.Release|x86.ActiveCfg = Release|Any CPU
		{8C7E0E48-51CB-4649-B5FC-810C99255330}.Release|x86.Build.0 = Release|Any CPU
		{15A3B01A-55DD-4F27-B9F5-FCBB251578F2}.Debug|Any CPU.ActiveCfg = Debug|Any CPU
		{15A3B01A-55DD-4F27-B9F5-FCBB251578F2}.Debug|Any CPU.Build.0 = Debug|Any CPU
		{15A3B01A-55DD-4F27-B9F5-FCBB251578F2}.Debug|x64.ActiveCfg = Debug|Any CPU
		{15A3B01A-55DD-4F27-B9F5-FCBB251578F2}.Debug|x64.Build.0 = Debug|Any CPU
		{15A3B01A-55DD-4F27-B9F5-FCBB251578F2}.Debug|x86.ActiveCfg = Debug|Any CPU
		{15A3B01A-55DD-4F27-B9F5-FCBB251578F2}.Debug|x86.Build.0 = Debug|Any CPU
		{15A3B01A-55DD-4F27-B9F5-FCBB251578F2}.Release|Any CPU.ActiveCfg = Release|Any CPU
		{15A3B01A-55DD-4F27-B9F5-FCBB251578F2}.Release|Any CPU.Build.0 = Release|Any CPU
		{15A3B01A-55DD-4F27-B9F5-FCBB251578F2}.Release|x64.ActiveCfg = Release|Any CPU
		{15A3B01A-55DD-4F27-B9F5-FCBB251578F2}.Release|x64.Build.0 = Release|Any CPU
		{15A3B01A-55DD-4F27-B9F5-FCBB251578F2}.Release|x86.ActiveCfg = Release|Any CPU
		{15A3B01A-55DD-4F27-B9F5-FCBB251578F2}.Release|x86.Build.0 = Release|Any CPU
		{3037E738-9EDB-4F75-91BF-097CB33F21F5}.Debug|Any CPU.ActiveCfg = Debug|Any CPU
		{3037E738-9EDB-4F75-91BF-097CB33F21F5}.Debug|Any CPU.Build.0 = Debug|Any CPU
		{3037E738-9EDB-4F75-91BF-097CB33F21F5}.Debug|x64.ActiveCfg = Debug|Any CPU
		{3037E738-9EDB-4F75-91BF-097CB33F21F5}.Debug|x64.Build.0 = Debug|Any CPU
		{3037E738-9EDB-4F75-91BF-097CB33F21F5}.Debug|x86.ActiveCfg = Debug|Any CPU
		{3037E738-9EDB-4F75-91BF-097CB33F21F5}.Debug|x86.Build.0 = Debug|Any CPU
		{3037E738-9EDB-4F75-91BF-097CB33F21F5}.Release|Any CPU.ActiveCfg = Release|Any CPU
		{3037E738-9EDB-4F75-91BF-097CB33F21F5}.Release|Any CPU.Build.0 = Release|Any CPU
		{3037E738-9EDB-4F75-91BF-097CB33F21F5}.Release|x64.ActiveCfg = Release|Any CPU
		{3037E738-9EDB-4F75-91BF-097CB33F21F5}.Release|x64.Build.0 = Release|Any CPU
		{3037E738-9EDB-4F75-91BF-097CB33F21F5}.Release|x86.ActiveCfg = Release|Any CPU
		{3037E738-9EDB-4F75-91BF-097CB33F21F5}.Release|x86.Build.0 = Release|Any CPU
		{8A206792-ED80-4903-91D7-EBE5E026651F}.Debug|Any CPU.ActiveCfg = Debug|Any CPU
		{8A206792-ED80-4903-91D7-EBE5E026651F}.Debug|Any CPU.Build.0 = Debug|Any CPU
		{8A206792-ED80-4903-91D7-EBE5E026651F}.Debug|x64.ActiveCfg = Debug|Any CPU
		{8A206792-ED80-4903-91D7-EBE5E026651F}.Debug|x64.Build.0 = Debug|Any CPU
		{8A206792-ED80-4903-91D7-EBE5E026651F}.Debug|x86.ActiveCfg = Debug|Any CPU
		{8A206792-ED80-4903-91D7-EBE5E026651F}.Debug|x86.Build.0 = Debug|Any CPU
		{8A206792-ED80-4903-91D7-EBE5E026651F}.Release|Any CPU.ActiveCfg = Release|Any CPU
		{8A206792-ED80-4903-91D7-EBE5E026651F}.Release|Any CPU.Build.0 = Release|Any CPU
		{8A206792-ED80-4903-91D7-EBE5E026651F}.Release|x64.ActiveCfg = Release|Any CPU
		{8A206792-ED80-4903-91D7-EBE5E026651F}.Release|x64.Build.0 = Release|Any CPU
		{8A206792-ED80-4903-91D7-EBE5E026651F}.Release|x86.ActiveCfg = Release|Any CPU
		{8A206792-ED80-4903-91D7-EBE5E026651F}.Release|x86.Build.0 = Release|Any CPU
		{82ECE904-AE61-4492-B801-25EE185FEE02}.Debug|Any CPU.ActiveCfg = Debug|Any CPU
		{82ECE904-AE61-4492-B801-25EE185FEE02}.Debug|Any CPU.Build.0 = Debug|Any CPU
		{82ECE904-AE61-4492-B801-25EE185FEE02}.Debug|x64.ActiveCfg = Debug|Any CPU
		{82ECE904-AE61-4492-B801-25EE185FEE02}.Debug|x64.Build.0 = Debug|Any CPU
		{82ECE904-AE61-4492-B801-25EE185FEE02}.Debug|x86.ActiveCfg = Debug|Any CPU
		{82ECE904-AE61-4492-B801-25EE185FEE02}.Debug|x86.Build.0 = Debug|Any CPU
		{82ECE904-AE61-4492-B801-25EE185FEE02}.Release|Any CPU.ActiveCfg = Release|Any CPU
		{82ECE904-AE61-4492-B801-25EE185FEE02}.Release|Any CPU.Build.0 = Release|Any CPU
		{82ECE904-AE61-4492-B801-25EE185FEE02}.Release|x64.ActiveCfg = Release|Any CPU
		{82ECE904-AE61-4492-B801-25EE185FEE02}.Release|x64.Build.0 = Release|Any CPU
		{82ECE904-AE61-4492-B801-25EE185FEE02}.Release|x86.ActiveCfg = Release|Any CPU
		{82ECE904-AE61-4492-B801-25EE185FEE02}.Release|x86.Build.0 = Release|Any CPU
		{7E4560CD-9489-46ED-B5C6-0B98113E71BF}.Debug|Any CPU.ActiveCfg = Debug|Any CPU
		{7E4560CD-9489-46ED-B5C6-0B98113E71BF}.Debug|Any CPU.Build.0 = Debug|Any CPU
		{7E4560CD-9489-46ED-B5C6-0B98113E71BF}.Debug|x64.ActiveCfg = Debug|Any CPU
		{7E4560CD-9489-46ED-B5C6-0B98113E71BF}.Debug|x64.Build.0 = Debug|Any CPU
		{7E4560CD-9489-46ED-B5C6-0B98113E71BF}.Debug|x86.ActiveCfg = Debug|Any CPU
		{7E4560CD-9489-46ED-B5C6-0B98113E71BF}.Debug|x86.Build.0 = Debug|Any CPU
		{7E4560CD-9489-46ED-B5C6-0B98113E71BF}.Release|Any CPU.ActiveCfg = Release|Any CPU
		{7E4560CD-9489-46ED-B5C6-0B98113E71BF}.Release|Any CPU.Build.0 = Release|Any CPU
		{7E4560CD-9489-46ED-B5C6-0B98113E71BF}.Release|x64.ActiveCfg = Release|Any CPU
		{7E4560CD-9489-46ED-B5C6-0B98113E71BF}.Release|x64.Build.0 = Release|Any CPU
		{7E4560CD-9489-46ED-B5C6-0B98113E71BF}.Release|x86.ActiveCfg = Release|Any CPU
		{7E4560CD-9489-46ED-B5C6-0B98113E71BF}.Release|x86.Build.0 = Release|Any CPU
		{0C039EB2-39BE-4A3F-B413-BD14E18414BC}.Debug|Any CPU.ActiveCfg = Debug|Any CPU
		{0C039EB2-39BE-4A3F-B413-BD14E18414BC}.Debug|Any CPU.Build.0 = Debug|Any CPU
		{0C039EB2-39BE-4A3F-B413-BD14E18414BC}.Debug|x64.ActiveCfg = Debug|Any CPU
		{0C039EB2-39BE-4A3F-B413-BD14E18414BC}.Debug|x64.Build.0 = Debug|Any CPU
		{0C039EB2-39BE-4A3F-B413-BD14E18414BC}.Debug|x86.ActiveCfg = Debug|Any CPU
		{0C039EB2-39BE-4A3F-B413-BD14E18414BC}.Debug|x86.Build.0 = Debug|Any CPU
		{0C039EB2-39BE-4A3F-B413-BD14E18414BC}.Release|Any CPU.ActiveCfg = Release|Any CPU
		{0C039EB2-39BE-4A3F-B413-BD14E18414BC}.Release|Any CPU.Build.0 = Release|Any CPU
		{0C039EB2-39BE-4A3F-B413-BD14E18414BC}.Release|x64.ActiveCfg = Release|Any CPU
		{0C039EB2-39BE-4A3F-B413-BD14E18414BC}.Release|x64.Build.0 = Release|Any CPU
		{0C039EB2-39BE-4A3F-B413-BD14E18414BC}.Release|x86.ActiveCfg = Release|Any CPU
		{0C039EB2-39BE-4A3F-B413-BD14E18414BC}.Release|x86.Build.0 = Release|Any CPU
		{93A53FBC-7194-491D-A7F5-FBB20CC2E345}.Debug|Any CPU.ActiveCfg = Debug|Any CPU
		{93A53FBC-7194-491D-A7F5-FBB20CC2E345}.Debug|Any CPU.Build.0 = Debug|Any CPU
		{93A53FBC-7194-491D-A7F5-FBB20CC2E345}.Debug|x64.ActiveCfg = Debug|Any CPU
		{93A53FBC-7194-491D-A7F5-FBB20CC2E345}.Debug|x64.Build.0 = Debug|Any CPU
		{93A53FBC-7194-491D-A7F5-FBB20CC2E345}.Debug|x86.ActiveCfg = Debug|Any CPU
		{93A53FBC-7194-491D-A7F5-FBB20CC2E345}.Debug|x86.Build.0 = Debug|Any CPU
		{93A53FBC-7194-491D-A7F5-FBB20CC2E345}.Release|Any CPU.ActiveCfg = Release|Any CPU
		{93A53FBC-7194-491D-A7F5-FBB20CC2E345}.Release|Any CPU.Build.0 = Release|Any CPU
		{93A53FBC-7194-491D-A7F5-FBB20CC2E345}.Release|x64.ActiveCfg = Release|Any CPU
		{93A53FBC-7194-491D-A7F5-FBB20CC2E345}.Release|x64.Build.0 = Release|Any CPU
		{93A53FBC-7194-491D-A7F5-FBB20CC2E345}.Release|x86.ActiveCfg = Release|Any CPU
		{93A53FBC-7194-491D-A7F5-FBB20CC2E345}.Release|x86.Build.0 = Release|Any CPU
		{2EB800A1-E958-4E04-B86A-483367BD26DD}.Debug|Any CPU.ActiveCfg = Debug|Any CPU
		{2EB800A1-E958-4E04-B86A-483367BD26DD}.Debug|Any CPU.Build.0 = Debug|Any CPU
		{2EB800A1-E958-4E04-B86A-483367BD26DD}.Debug|x64.ActiveCfg = Debug|Any CPU
		{2EB800A1-E958-4E04-B86A-483367BD26DD}.Debug|x64.Build.0 = Debug|Any CPU
		{2EB800A1-E958-4E04-B86A-483367BD26DD}.Debug|x86.ActiveCfg = Debug|Any CPU
		{2EB800A1-E958-4E04-B86A-483367BD26DD}.Debug|x86.Build.0 = Debug|Any CPU
		{2EB800A1-E958-4E04-B86A-483367BD26DD}.Release|Any CPU.ActiveCfg = Release|Any CPU
		{2EB800A1-E958-4E04-B86A-483367BD26DD}.Release|Any CPU.Build.0 = Release|Any CPU
		{2EB800A1-E958-4E04-B86A-483367BD26DD}.Release|x64.ActiveCfg = Release|Any CPU
		{2EB800A1-E958-4E04-B86A-483367BD26DD}.Release|x64.Build.0 = Release|Any CPU
		{2EB800A1-E958-4E04-B86A-483367BD26DD}.Release|x86.ActiveCfg = Release|Any CPU
		{2EB800A1-E958-4E04-B86A-483367BD26DD}.Release|x86.Build.0 = Release|Any CPU
		{0B18B3AA-10FE-4579-9B91-B5285848F64F}.Debug|Any CPU.ActiveCfg = Debug|Any CPU
		{0B18B3AA-10FE-4579-9B91-B5285848F64F}.Debug|Any CPU.Build.0 = Debug|Any CPU
		{0B18B3AA-10FE-4579-9B91-B5285848F64F}.Debug|x64.ActiveCfg = Debug|Any CPU
		{0B18B3AA-10FE-4579-9B91-B5285848F64F}.Debug|x64.Build.0 = Debug|Any CPU
		{0B18B3AA-10FE-4579-9B91-B5285848F64F}.Debug|x86.ActiveCfg = Debug|Any CPU
		{0B18B3AA-10FE-4579-9B91-B5285848F64F}.Debug|x86.Build.0 = Debug|Any CPU
		{0B18B3AA-10FE-4579-9B91-B5285848F64F}.Release|Any CPU.ActiveCfg = Release|Any CPU
		{0B18B3AA-10FE-4579-9B91-B5285848F64F}.Release|Any CPU.Build.0 = Release|Any CPU
		{0B18B3AA-10FE-4579-9B91-B5285848F64F}.Release|x64.ActiveCfg = Release|Any CPU
		{0B18B3AA-10FE-4579-9B91-B5285848F64F}.Release|x64.Build.0 = Release|Any CPU
		{0B18B3AA-10FE-4579-9B91-B5285848F64F}.Release|x86.ActiveCfg = Release|Any CPU
		{0B18B3AA-10FE-4579-9B91-B5285848F64F}.Release|x86.Build.0 = Release|Any CPU
		{C07759F3-F9A8-4088-B88A-9740EF94D124}.Debug|Any CPU.ActiveCfg = Debug|Any CPU
		{C07759F3-F9A8-4088-B88A-9740EF94D124}.Debug|Any CPU.Build.0 = Debug|Any CPU
		{C07759F3-F9A8-4088-B88A-9740EF94D124}.Debug|x64.ActiveCfg = Debug|Any CPU
		{C07759F3-F9A8-4088-B88A-9740EF94D124}.Debug|x64.Build.0 = Debug|Any CPU
		{C07759F3-F9A8-4088-B88A-9740EF94D124}.Debug|x86.ActiveCfg = Debug|Any CPU
		{C07759F3-F9A8-4088-B88A-9740EF94D124}.Debug|x86.Build.0 = Debug|Any CPU
		{C07759F3-F9A8-4088-B88A-9740EF94D124}.Release|Any CPU.ActiveCfg = Release|Any CPU
		{C07759F3-F9A8-4088-B88A-9740EF94D124}.Release|Any CPU.Build.0 = Release|Any CPU
		{C07759F3-F9A8-4088-B88A-9740EF94D124}.Release|x64.ActiveCfg = Release|Any CPU
		{C07759F3-F9A8-4088-B88A-9740EF94D124}.Release|x64.Build.0 = Release|Any CPU
		{C07759F3-F9A8-4088-B88A-9740EF94D124}.Release|x86.ActiveCfg = Release|Any CPU
		{C07759F3-F9A8-4088-B88A-9740EF94D124}.Release|x86.Build.0 = Release|Any CPU
		{6FDC683E-3CDF-4F58-A7B2-4B8E85B25F07}.Debug|Any CPU.ActiveCfg = Debug|Any CPU
		{6FDC683E-3CDF-4F58-A7B2-4B8E85B25F07}.Debug|Any CPU.Build.0 = Debug|Any CPU
		{6FDC683E-3CDF-4F58-A7B2-4B8E85B25F07}.Debug|x64.ActiveCfg = Debug|Any CPU
		{6FDC683E-3CDF-4F58-A7B2-4B8E85B25F07}.Debug|x64.Build.0 = Debug|Any CPU
		{6FDC683E-3CDF-4F58-A7B2-4B8E85B25F07}.Debug|x86.ActiveCfg = Debug|Any CPU
		{6FDC683E-3CDF-4F58-A7B2-4B8E85B25F07}.Debug|x86.Build.0 = Debug|Any CPU
		{6FDC683E-3CDF-4F58-A7B2-4B8E85B25F07}.Release|Any CPU.ActiveCfg = Release|Any CPU
		{6FDC683E-3CDF-4F58-A7B2-4B8E85B25F07}.Release|Any CPU.Build.0 = Release|Any CPU
		{6FDC683E-3CDF-4F58-A7B2-4B8E85B25F07}.Release|x64.ActiveCfg = Release|Any CPU
		{6FDC683E-3CDF-4F58-A7B2-4B8E85B25F07}.Release|x64.Build.0 = Release|Any CPU
		{6FDC683E-3CDF-4F58-A7B2-4B8E85B25F07}.Release|x86.ActiveCfg = Release|Any CPU
		{6FDC683E-3CDF-4F58-A7B2-4B8E85B25F07}.Release|x86.Build.0 = Release|Any CPU
		{143B504E-04A2-4A96-8E75-E4E64655EA74}.Debug|Any CPU.ActiveCfg = Debug|Any CPU
		{143B504E-04A2-4A96-8E75-E4E64655EA74}.Debug|Any CPU.Build.0 = Debug|Any CPU
		{143B504E-04A2-4A96-8E75-E4E64655EA74}.Debug|x64.ActiveCfg = Debug|Any CPU
		{143B504E-04A2-4A96-8E75-E4E64655EA74}.Debug|x64.Build.0 = Debug|Any CPU
		{143B504E-04A2-4A96-8E75-E4E64655EA74}.Debug|x86.ActiveCfg = Debug|Any CPU
		{143B504E-04A2-4A96-8E75-E4E64655EA74}.Debug|x86.Build.0 = Debug|Any CPU
		{143B504E-04A2-4A96-8E75-E4E64655EA74}.Release|Any CPU.ActiveCfg = Release|Any CPU
		{143B504E-04A2-4A96-8E75-E4E64655EA74}.Release|Any CPU.Build.0 = Release|Any CPU
		{143B504E-04A2-4A96-8E75-E4E64655EA74}.Release|x64.ActiveCfg = Release|Any CPU
		{143B504E-04A2-4A96-8E75-E4E64655EA74}.Release|x64.Build.0 = Release|Any CPU
		{143B504E-04A2-4A96-8E75-E4E64655EA74}.Release|x86.ActiveCfg = Release|Any CPU
		{143B504E-04A2-4A96-8E75-E4E64655EA74}.Release|x86.Build.0 = Release|Any CPU
		{69D10204-35E1-4B12-80C1-D2AD3F43EB08}.Debug|Any CPU.ActiveCfg = Debug|Any CPU
		{69D10204-35E1-4B12-80C1-D2AD3F43EB08}.Debug|Any CPU.Build.0 = Debug|Any CPU
		{69D10204-35E1-4B12-80C1-D2AD3F43EB08}.Debug|x64.ActiveCfg = Debug|Any CPU
		{69D10204-35E1-4B12-80C1-D2AD3F43EB08}.Debug|x64.Build.0 = Debug|Any CPU
		{69D10204-35E1-4B12-80C1-D2AD3F43EB08}.Debug|x86.ActiveCfg = Debug|Any CPU
		{69D10204-35E1-4B12-80C1-D2AD3F43EB08}.Debug|x86.Build.0 = Debug|Any CPU
		{69D10204-35E1-4B12-80C1-D2AD3F43EB08}.Release|Any CPU.ActiveCfg = Release|Any CPU
		{69D10204-35E1-4B12-80C1-D2AD3F43EB08}.Release|Any CPU.Build.0 = Release|Any CPU
		{69D10204-35E1-4B12-80C1-D2AD3F43EB08}.Release|x64.ActiveCfg = Release|Any CPU
		{69D10204-35E1-4B12-80C1-D2AD3F43EB08}.Release|x64.Build.0 = Release|Any CPU
		{69D10204-35E1-4B12-80C1-D2AD3F43EB08}.Release|x86.ActiveCfg = Release|Any CPU
		{69D10204-35E1-4B12-80C1-D2AD3F43EB08}.Release|x86.Build.0 = Release|Any CPU
		{E07012FA-F23E-4CC8-954C-13A3FBC4F409}.Debug|Any CPU.ActiveCfg = Debug|Any CPU
		{E07012FA-F23E-4CC8-954C-13A3FBC4F409}.Debug|Any CPU.Build.0 = Debug|Any CPU
		{E07012FA-F23E-4CC8-954C-13A3FBC4F409}.Debug|x64.ActiveCfg = Debug|Any CPU
		{E07012FA-F23E-4CC8-954C-13A3FBC4F409}.Debug|x64.Build.0 = Debug|Any CPU
		{E07012FA-F23E-4CC8-954C-13A3FBC4F409}.Debug|x86.ActiveCfg = Debug|Any CPU
		{E07012FA-F23E-4CC8-954C-13A3FBC4F409}.Debug|x86.Build.0 = Debug|Any CPU
		{E07012FA-F23E-4CC8-954C-13A3FBC4F409}.Release|Any CPU.ActiveCfg = Release|Any CPU
		{E07012FA-F23E-4CC8-954C-13A3FBC4F409}.Release|Any CPU.Build.0 = Release|Any CPU
		{E07012FA-F23E-4CC8-954C-13A3FBC4F409}.Release|x64.ActiveCfg = Release|Any CPU
		{E07012FA-F23E-4CC8-954C-13A3FBC4F409}.Release|x64.Build.0 = Release|Any CPU
		{E07012FA-F23E-4CC8-954C-13A3FBC4F409}.Release|x86.ActiveCfg = Release|Any CPU
		{E07012FA-F23E-4CC8-954C-13A3FBC4F409}.Release|x86.Build.0 = Release|Any CPU
		{2FFDD58B-EE6B-41C2-91FB-5BAE5ED934FF}.Debug|Any CPU.ActiveCfg = Debug|Any CPU
		{2FFDD58B-EE6B-41C2-91FB-5BAE5ED934FF}.Debug|Any CPU.Build.0 = Debug|Any CPU
		{2FFDD58B-EE6B-41C2-91FB-5BAE5ED934FF}.Debug|x64.ActiveCfg = Debug|Any CPU
		{2FFDD58B-EE6B-41C2-91FB-5BAE5ED934FF}.Debug|x64.Build.0 = Debug|Any CPU
		{2FFDD58B-EE6B-41C2-91FB-5BAE5ED934FF}.Debug|x86.ActiveCfg = Debug|Any CPU
		{2FFDD58B-EE6B-41C2-91FB-5BAE5ED934FF}.Debug|x86.Build.0 = Debug|Any CPU
		{2FFDD58B-EE6B-41C2-91FB-5BAE5ED934FF}.Release|Any CPU.ActiveCfg = Release|Any CPU
		{2FFDD58B-EE6B-41C2-91FB-5BAE5ED934FF}.Release|Any CPU.Build.0 = Release|Any CPU
		{2FFDD58B-EE6B-41C2-91FB-5BAE5ED934FF}.Release|x64.ActiveCfg = Release|Any CPU
		{2FFDD58B-EE6B-41C2-91FB-5BAE5ED934FF}.Release|x64.Build.0 = Release|Any CPU
		{2FFDD58B-EE6B-41C2-91FB-5BAE5ED934FF}.Release|x86.ActiveCfg = Release|Any CPU
		{2FFDD58B-EE6B-41C2-91FB-5BAE5ED934FF}.Release|x86.Build.0 = Release|Any CPU
		{E3AA3536-5E52-4E6C-BEFD-D81A955D7E2E}.Debug|Any CPU.ActiveCfg = Debug|Any CPU
		{E3AA3536-5E52-4E6C-BEFD-D81A955D7E2E}.Debug|Any CPU.Build.0 = Debug|Any CPU
		{E3AA3536-5E52-4E6C-BEFD-D81A955D7E2E}.Debug|x64.ActiveCfg = Debug|Any CPU
		{E3AA3536-5E52-4E6C-BEFD-D81A955D7E2E}.Debug|x64.Build.0 = Debug|Any CPU
		{E3AA3536-5E52-4E6C-BEFD-D81A955D7E2E}.Debug|x86.ActiveCfg = Debug|Any CPU
		{E3AA3536-5E52-4E6C-BEFD-D81A955D7E2E}.Debug|x86.Build.0 = Debug|Any CPU
		{E3AA3536-5E52-4E6C-BEFD-D81A955D7E2E}.Release|Any CPU.ActiveCfg = Release|Any CPU
		{E3AA3536-5E52-4E6C-BEFD-D81A955D7E2E}.Release|Any CPU.Build.0 = Release|Any CPU
		{E3AA3536-5E52-4E6C-BEFD-D81A955D7E2E}.Release|x64.ActiveCfg = Release|Any CPU
		{E3AA3536-5E52-4E6C-BEFD-D81A955D7E2E}.Release|x64.Build.0 = Release|Any CPU
		{E3AA3536-5E52-4E6C-BEFD-D81A955D7E2E}.Release|x86.ActiveCfg = Release|Any CPU
		{E3AA3536-5E52-4E6C-BEFD-D81A955D7E2E}.Release|x86.Build.0 = Release|Any CPU
		{E945332A-74B2-4222-8E9D-F05C4C8BF052}.Debug|Any CPU.ActiveCfg = Debug|Any CPU
		{E945332A-74B2-4222-8E9D-F05C4C8BF052}.Debug|Any CPU.Build.0 = Debug|Any CPU
		{E945332A-74B2-4222-8E9D-F05C4C8BF052}.Debug|x64.ActiveCfg = Debug|Any CPU
		{E945332A-74B2-4222-8E9D-F05C4C8BF052}.Debug|x64.Build.0 = Debug|Any CPU
		{E945332A-74B2-4222-8E9D-F05C4C8BF052}.Debug|x86.ActiveCfg = Debug|Any CPU
		{E945332A-74B2-4222-8E9D-F05C4C8BF052}.Debug|x86.Build.0 = Debug|Any CPU
		{E945332A-74B2-4222-8E9D-F05C4C8BF052}.Release|Any CPU.ActiveCfg = Release|Any CPU
		{E945332A-74B2-4222-8E9D-F05C4C8BF052}.Release|Any CPU.Build.0 = Release|Any CPU
		{E945332A-74B2-4222-8E9D-F05C4C8BF052}.Release|x64.ActiveCfg = Release|Any CPU
		{E945332A-74B2-4222-8E9D-F05C4C8BF052}.Release|x64.Build.0 = Release|Any CPU
		{E945332A-74B2-4222-8E9D-F05C4C8BF052}.Release|x86.ActiveCfg = Release|Any CPU
		{E945332A-74B2-4222-8E9D-F05C4C8BF052}.Release|x86.Build.0 = Release|Any CPU
		{0B0D22E7-8C75-42E2-9993-78A697509CD2}.Debug|Any CPU.ActiveCfg = Debug|Any CPU
		{0B0D22E7-8C75-42E2-9993-78A697509CD2}.Debug|Any CPU.Build.0 = Debug|Any CPU
		{0B0D22E7-8C75-42E2-9993-78A697509CD2}.Debug|x64.ActiveCfg = Debug|Any CPU
		{0B0D22E7-8C75-42E2-9993-78A697509CD2}.Debug|x64.Build.0 = Debug|Any CPU
		{0B0D22E7-8C75-42E2-9993-78A697509CD2}.Debug|x86.ActiveCfg = Debug|Any CPU
		{0B0D22E7-8C75-42E2-9993-78A697509CD2}.Debug|x86.Build.0 = Debug|Any CPU
		{0B0D22E7-8C75-42E2-9993-78A697509CD2}.Release|Any CPU.ActiveCfg = Release|Any CPU
		{0B0D22E7-8C75-42E2-9993-78A697509CD2}.Release|Any CPU.Build.0 = Release|Any CPU
		{0B0D22E7-8C75-42E2-9993-78A697509CD2}.Release|x64.ActiveCfg = Release|Any CPU
		{0B0D22E7-8C75-42E2-9993-78A697509CD2}.Release|x64.Build.0 = Release|Any CPU
		{0B0D22E7-8C75-42E2-9993-78A697509CD2}.Release|x86.ActiveCfg = Release|Any CPU
		{0B0D22E7-8C75-42E2-9993-78A697509CD2}.Release|x86.Build.0 = Release|Any CPU
		{B59E9D38-653F-4427-89E9-CA5ED3AF1BC2}.Debug|Any CPU.ActiveCfg = Debug|Any CPU
		{B59E9D38-653F-4427-89E9-CA5ED3AF1BC2}.Debug|Any CPU.Build.0 = Debug|Any CPU
		{B59E9D38-653F-4427-89E9-CA5ED3AF1BC2}.Debug|x64.ActiveCfg = Debug|Any CPU
		{B59E9D38-653F-4427-89E9-CA5ED3AF1BC2}.Debug|x64.Build.0 = Debug|Any CPU
		{B59E9D38-653F-4427-89E9-CA5ED3AF1BC2}.Debug|x86.ActiveCfg = Debug|Any CPU
		{B59E9D38-653F-4427-89E9-CA5ED3AF1BC2}.Debug|x86.Build.0 = Debug|Any CPU
		{B59E9D38-653F-4427-89E9-CA5ED3AF1BC2}.Release|Any CPU.ActiveCfg = Release|Any CPU
		{B59E9D38-653F-4427-89E9-CA5ED3AF1BC2}.Release|Any CPU.Build.0 = Release|Any CPU
		{B59E9D38-653F-4427-89E9-CA5ED3AF1BC2}.Release|x64.ActiveCfg = Release|Any CPU
		{B59E9D38-653F-4427-89E9-CA5ED3AF1BC2}.Release|x64.Build.0 = Release|Any CPU
		{B59E9D38-653F-4427-89E9-CA5ED3AF1BC2}.Release|x86.ActiveCfg = Release|Any CPU
		{B59E9D38-653F-4427-89E9-CA5ED3AF1BC2}.Release|x86.Build.0 = Release|Any CPU
		{F82455EB-F0C4-4EAF-B961-60B3E82FEB1B}.Debug|Any CPU.ActiveCfg = Debug|Any CPU
		{F82455EB-F0C4-4EAF-B961-60B3E82FEB1B}.Debug|Any CPU.Build.0 = Debug|Any CPU
		{F82455EB-F0C4-4EAF-B961-60B3E82FEB1B}.Debug|x64.ActiveCfg = Debug|Any CPU
		{F82455EB-F0C4-4EAF-B961-60B3E82FEB1B}.Debug|x64.Build.0 = Debug|Any CPU
		{F82455EB-F0C4-4EAF-B961-60B3E82FEB1B}.Debug|x86.ActiveCfg = Debug|Any CPU
		{F82455EB-F0C4-4EAF-B961-60B3E82FEB1B}.Debug|x86.Build.0 = Debug|Any CPU
		{F82455EB-F0C4-4EAF-B961-60B3E82FEB1B}.Release|Any CPU.ActiveCfg = Release|Any CPU
		{F82455EB-F0C4-4EAF-B961-60B3E82FEB1B}.Release|Any CPU.Build.0 = Release|Any CPU
		{F82455EB-F0C4-4EAF-B961-60B3E82FEB1B}.Release|x64.ActiveCfg = Release|Any CPU
		{F82455EB-F0C4-4EAF-B961-60B3E82FEB1B}.Release|x64.Build.0 = Release|Any CPU
		{F82455EB-F0C4-4EAF-B961-60B3E82FEB1B}.Release|x86.ActiveCfg = Release|Any CPU
		{F82455EB-F0C4-4EAF-B961-60B3E82FEB1B}.Release|x86.Build.0 = Release|Any CPU
		{A8995D85-1009-47B4-A76F-0AC0C4A9361C}.Debug|Any CPU.ActiveCfg = Debug|Any CPU
		{A8995D85-1009-47B4-A76F-0AC0C4A9361C}.Debug|Any CPU.Build.0 = Debug|Any CPU
		{A8995D85-1009-47B4-A76F-0AC0C4A9361C}.Debug|x64.ActiveCfg = Debug|Any CPU
		{A8995D85-1009-47B4-A76F-0AC0C4A9361C}.Debug|x64.Build.0 = Debug|Any CPU
		{A8995D85-1009-47B4-A76F-0AC0C4A9361C}.Debug|x86.ActiveCfg = Debug|Any CPU
		{A8995D85-1009-47B4-A76F-0AC0C4A9361C}.Debug|x86.Build.0 = Debug|Any CPU
		{A8995D85-1009-47B4-A76F-0AC0C4A9361C}.Release|Any CPU.ActiveCfg = Release|Any CPU
		{A8995D85-1009-47B4-A76F-0AC0C4A9361C}.Release|Any CPU.Build.0 = Release|Any CPU
		{A8995D85-1009-47B4-A76F-0AC0C4A9361C}.Release|x64.ActiveCfg = Release|Any CPU
		{A8995D85-1009-47B4-A76F-0AC0C4A9361C}.Release|x64.Build.0 = Release|Any CPU
		{A8995D85-1009-47B4-A76F-0AC0C4A9361C}.Release|x86.ActiveCfg = Release|Any CPU
		{A8995D85-1009-47B4-A76F-0AC0C4A9361C}.Release|x86.Build.0 = Release|Any CPU
		{CF698E79-D46D-4082-9CC2-EBE463877D50}.Debug|Any CPU.ActiveCfg = Debug|Any CPU
		{CF698E79-D46D-4082-9CC2-EBE463877D50}.Debug|Any CPU.Build.0 = Debug|Any CPU
		{CF698E79-D46D-4082-9CC2-EBE463877D50}.Debug|x64.ActiveCfg = Debug|Any CPU
		{CF698E79-D46D-4082-9CC2-EBE463877D50}.Debug|x64.Build.0 = Debug|Any CPU
		{CF698E79-D46D-4082-9CC2-EBE463877D50}.Debug|x86.ActiveCfg = Debug|Any CPU
		{CF698E79-D46D-4082-9CC2-EBE463877D50}.Debug|x86.Build.0 = Debug|Any CPU
		{CF698E79-D46D-4082-9CC2-EBE463877D50}.Release|Any CPU.ActiveCfg = Release|Any CPU
		{CF698E79-D46D-4082-9CC2-EBE463877D50}.Release|Any CPU.Build.0 = Release|Any CPU
		{CF698E79-D46D-4082-9CC2-EBE463877D50}.Release|x64.ActiveCfg = Release|Any CPU
		{CF698E79-D46D-4082-9CC2-EBE463877D50}.Release|x64.Build.0 = Release|Any CPU
		{CF698E79-D46D-4082-9CC2-EBE463877D50}.Release|x86.ActiveCfg = Release|Any CPU
		{CF698E79-D46D-4082-9CC2-EBE463877D50}.Release|x86.Build.0 = Release|Any CPU
		{BE379012-8593-474D-9418-F565AE1B7172}.Debug|Any CPU.ActiveCfg = Debug|Any CPU
		{BE379012-8593-474D-9418-F565AE1B7172}.Debug|Any CPU.Build.0 = Debug|Any CPU
		{BE379012-8593-474D-9418-F565AE1B7172}.Debug|x64.ActiveCfg = Debug|Any CPU
		{BE379012-8593-474D-9418-F565AE1B7172}.Debug|x64.Build.0 = Debug|Any CPU
		{BE379012-8593-474D-9418-F565AE1B7172}.Debug|x86.ActiveCfg = Debug|Any CPU
		{BE379012-8593-474D-9418-F565AE1B7172}.Debug|x86.Build.0 = Debug|Any CPU
		{BE379012-8593-474D-9418-F565AE1B7172}.Release|Any CPU.ActiveCfg = Release|Any CPU
		{BE379012-8593-474D-9418-F565AE1B7172}.Release|Any CPU.Build.0 = Release|Any CPU
		{BE379012-8593-474D-9418-F565AE1B7172}.Release|x64.ActiveCfg = Release|Any CPU
		{BE379012-8593-474D-9418-F565AE1B7172}.Release|x64.Build.0 = Release|Any CPU
		{BE379012-8593-474D-9418-F565AE1B7172}.Release|x86.ActiveCfg = Release|Any CPU
		{BE379012-8593-474D-9418-F565AE1B7172}.Release|x86.Build.0 = Release|Any CPU
		{EDB3BBF1-FB3B-47F3-9A24-B5CCF5091D9D}.Debug|Any CPU.ActiveCfg = Debug|Any CPU
		{EDB3BBF1-FB3B-47F3-9A24-B5CCF5091D9D}.Debug|Any CPU.Build.0 = Debug|Any CPU
		{EDB3BBF1-FB3B-47F3-9A24-B5CCF5091D9D}.Debug|x64.ActiveCfg = Debug|Any CPU
		{EDB3BBF1-FB3B-47F3-9A24-B5CCF5091D9D}.Debug|x64.Build.0 = Debug|Any CPU
		{EDB3BBF1-FB3B-47F3-9A24-B5CCF5091D9D}.Debug|x86.ActiveCfg = Debug|Any CPU
		{EDB3BBF1-FB3B-47F3-9A24-B5CCF5091D9D}.Debug|x86.Build.0 = Debug|Any CPU
		{EDB3BBF1-FB3B-47F3-9A24-B5CCF5091D9D}.Release|Any CPU.ActiveCfg = Release|Any CPU
		{EDB3BBF1-FB3B-47F3-9A24-B5CCF5091D9D}.Release|Any CPU.Build.0 = Release|Any CPU
		{EDB3BBF1-FB3B-47F3-9A24-B5CCF5091D9D}.Release|x64.ActiveCfg = Release|Any CPU
		{EDB3BBF1-FB3B-47F3-9A24-B5CCF5091D9D}.Release|x64.Build.0 = Release|Any CPU
		{EDB3BBF1-FB3B-47F3-9A24-B5CCF5091D9D}.Release|x86.ActiveCfg = Release|Any CPU
		{EDB3BBF1-FB3B-47F3-9A24-B5CCF5091D9D}.Release|x86.Build.0 = Release|Any CPU
		{76F7D843-D359-40F7-9355-854DA929B4AD}.Debug|Any CPU.ActiveCfg = Debug|Any CPU
		{76F7D843-D359-40F7-9355-854DA929B4AD}.Debug|Any CPU.Build.0 = Debug|Any CPU
		{76F7D843-D359-40F7-9355-854DA929B4AD}.Debug|x64.ActiveCfg = Debug|Any CPU
		{76F7D843-D359-40F7-9355-854DA929B4AD}.Debug|x64.Build.0 = Debug|Any CPU
		{76F7D843-D359-40F7-9355-854DA929B4AD}.Debug|x86.ActiveCfg = Debug|Any CPU
		{76F7D843-D359-40F7-9355-854DA929B4AD}.Debug|x86.Build.0 = Debug|Any CPU
		{76F7D843-D359-40F7-9355-854DA929B4AD}.Release|Any CPU.ActiveCfg = Release|Any CPU
		{76F7D843-D359-40F7-9355-854DA929B4AD}.Release|Any CPU.Build.0 = Release|Any CPU
		{76F7D843-D359-40F7-9355-854DA929B4AD}.Release|x64.ActiveCfg = Release|Any CPU
		{76F7D843-D359-40F7-9355-854DA929B4AD}.Release|x64.Build.0 = Release|Any CPU
		{76F7D843-D359-40F7-9355-854DA929B4AD}.Release|x86.ActiveCfg = Release|Any CPU
		{76F7D843-D359-40F7-9355-854DA929B4AD}.Release|x86.Build.0 = Release|Any CPU
		{CA7BA620-74F0-4843-B10C-0B7CABE342BC}.Debug|Any CPU.ActiveCfg = Debug|Any CPU
		{CA7BA620-74F0-4843-B10C-0B7CABE342BC}.Debug|Any CPU.Build.0 = Debug|Any CPU
		{CA7BA620-74F0-4843-B10C-0B7CABE342BC}.Debug|x64.ActiveCfg = Debug|Any CPU
		{CA7BA620-74F0-4843-B10C-0B7CABE342BC}.Debug|x64.Build.0 = Debug|Any CPU
		{CA7BA620-74F0-4843-B10C-0B7CABE342BC}.Debug|x86.ActiveCfg = Debug|Any CPU
		{CA7BA620-74F0-4843-B10C-0B7CABE342BC}.Debug|x86.Build.0 = Debug|Any CPU
		{CA7BA620-74F0-4843-B10C-0B7CABE342BC}.Release|Any CPU.ActiveCfg = Release|Any CPU
		{CA7BA620-74F0-4843-B10C-0B7CABE342BC}.Release|Any CPU.Build.0 = Release|Any CPU
		{CA7BA620-74F0-4843-B10C-0B7CABE342BC}.Release|x64.ActiveCfg = Release|Any CPU
		{CA7BA620-74F0-4843-B10C-0B7CABE342BC}.Release|x64.Build.0 = Release|Any CPU
		{CA7BA620-74F0-4843-B10C-0B7CABE342BC}.Release|x86.ActiveCfg = Release|Any CPU
		{CA7BA620-74F0-4843-B10C-0B7CABE342BC}.Release|x86.Build.0 = Release|Any CPU
		{7BB3A621-CE16-4146-9ECB-D8EC24F7DCB5}.Debug|Any CPU.ActiveCfg = Debug|Any CPU
		{7BB3A621-CE16-4146-9ECB-D8EC24F7DCB5}.Debug|Any CPU.Build.0 = Debug|Any CPU
		{7BB3A621-CE16-4146-9ECB-D8EC24F7DCB5}.Debug|x64.ActiveCfg = Debug|Any CPU
		{7BB3A621-CE16-4146-9ECB-D8EC24F7DCB5}.Debug|x64.Build.0 = Debug|Any CPU
		{7BB3A621-CE16-4146-9ECB-D8EC24F7DCB5}.Debug|x86.ActiveCfg = Debug|Any CPU
		{7BB3A621-CE16-4146-9ECB-D8EC24F7DCB5}.Debug|x86.Build.0 = Debug|Any CPU
		{7BB3A621-CE16-4146-9ECB-D8EC24F7DCB5}.Release|Any CPU.ActiveCfg = Release|Any CPU
		{7BB3A621-CE16-4146-9ECB-D8EC24F7DCB5}.Release|Any CPU.Build.0 = Release|Any CPU
		{7BB3A621-CE16-4146-9ECB-D8EC24F7DCB5}.Release|x64.ActiveCfg = Release|Any CPU
		{7BB3A621-CE16-4146-9ECB-D8EC24F7DCB5}.Release|x64.Build.0 = Release|Any CPU
		{7BB3A621-CE16-4146-9ECB-D8EC24F7DCB5}.Release|x86.ActiveCfg = Release|Any CPU
		{7BB3A621-CE16-4146-9ECB-D8EC24F7DCB5}.Release|x86.Build.0 = Release|Any CPU
		{4E0D3B1F-733D-4D5A-AC92-25F8A141358D}.Debug|Any CPU.ActiveCfg = Debug|Any CPU
		{4E0D3B1F-733D-4D5A-AC92-25F8A141358D}.Debug|Any CPU.Build.0 = Debug|Any CPU
		{4E0D3B1F-733D-4D5A-AC92-25F8A141358D}.Debug|x64.ActiveCfg = Debug|Any CPU
		{4E0D3B1F-733D-4D5A-AC92-25F8A141358D}.Debug|x64.Build.0 = Debug|Any CPU
		{4E0D3B1F-733D-4D5A-AC92-25F8A141358D}.Debug|x86.ActiveCfg = Debug|Any CPU
		{4E0D3B1F-733D-4D5A-AC92-25F8A141358D}.Debug|x86.Build.0 = Debug|Any CPU
		{4E0D3B1F-733D-4D5A-AC92-25F8A141358D}.Release|Any CPU.ActiveCfg = Release|Any CPU
		{4E0D3B1F-733D-4D5A-AC92-25F8A141358D}.Release|Any CPU.Build.0 = Release|Any CPU
		{4E0D3B1F-733D-4D5A-AC92-25F8A141358D}.Release|x64.ActiveCfg = Release|Any CPU
		{4E0D3B1F-733D-4D5A-AC92-25F8A141358D}.Release|x64.Build.0 = Release|Any CPU
		{4E0D3B1F-733D-4D5A-AC92-25F8A141358D}.Release|x86.ActiveCfg = Release|Any CPU
		{4E0D3B1F-733D-4D5A-AC92-25F8A141358D}.Release|x86.Build.0 = Release|Any CPU
	EndGlobalSection
	GlobalSection(SolutionProperties) = preSolution
		HideSolutionNode = FALSE
	EndGlobalSection
	GlobalSection(NestedProjects) = preSolution
		{06DE3EA8-C467-4BB0-8654-F3424709094A} = {3610DE71-0841-E98B-B5EB-0B69D343489C}
		{41D1882A-D27E-445B-AF0E-0F2D0CA46352} = {3610DE71-0841-E98B-B5EB-0B69D343489C}
		{72478837-59C0-4E75-AEF8-8CD91D9C799E} = {3610DE71-0841-E98B-B5EB-0B69D343489C}
		{4514DC00-A6E6-4BDC-AF49-BEEA9641DC33} = {EBF308F7-96BA-2078-D8ED-EE2A933013D9}
		{17D9B94F-C4BB-44D6-BB43-135E0AE133DA} = {EBF308F7-96BA-2078-D8ED-EE2A933013D9}
		{E40AA85A-78F9-40A9-852B-A0C90A64D76F} = {EBF308F7-96BA-2078-D8ED-EE2A933013D9}
		{D35292B8-A256-4921-BC60-55CB1F467986} = {499A48AF-B09A-AD23-332B-6CC3057A4CBB}
		{BEA39CB2-9B6D-4971-B592-430932ED1935} = {73BA62BB-2B41-2DC4-C714-51B3D4C2A215}
		{7887AF1D-5EB5-4CB6-906E-EC3668601581} = {499A48AF-B09A-AD23-332B-6CC3057A4CBB}
		{1B10E6C4-0B51-4C4F-A3C1-767A7BF8F946} = {499A48AF-B09A-AD23-332B-6CC3057A4CBB}
		{5E8ED827-346F-479E-A0DA-CEBA9BDBA608} = {499A48AF-B09A-AD23-332B-6CC3057A4CBB}
		{1437A19F-4481-4B49-BFCC-0E4837FD582D} = {9639D0B7-7422-B408-6257-54E077C42F8A}
		{5A827564-78A5-4C7A-A9F3-8A329181EE89} = {592BFD43-8236-1486-20CA-62D2F7ED4E57}
		{98BC7455-52E3-4208-9F95-55C3C91226BA} = {9639D0B7-7422-B408-6257-54E077C42F8A}
		{DF79F882-BCEA-4400-A639-89E918347970} = {73BA62BB-2B41-2DC4-C714-51B3D4C2A215}
		{2BE4016F-97A7-4F79-9792-9E9F911FDC6F} = {73BA62BB-2B41-2DC4-C714-51B3D4C2A215}
		{EA28360D-BEF0-46B7-BF0F-F84EEE1E8FDA} = {9639D0B7-7422-B408-6257-54E077C42F8A}
		{742E7891-70A1-48DF-A19B-C567226A2CFD} = {9639D0B7-7422-B408-6257-54E077C42F8A}
		{C57F9DB2-D5E5-4D76-A456-9C1B91078D62} = {592BFD43-8236-1486-20CA-62D2F7ED4E57}
		{25D5DE4E-049B-451C-909E-13485D297ED4} = {AA81E3CF-C1BB-70B4-13CB-5131BB298347}
		{0F882122-6A97-4D31-BEBE-8B5B8A096CEB} = {AA81E3CF-C1BB-70B4-13CB-5131BB298347}
		{8C7E0E48-51CB-4649-B5FC-810C99255330} = {E0096E63-5207-411F-2649-837654E3C58A}
		{15A3B01A-55DD-4F27-B9F5-FCBB251578F2} = {E0096E63-5207-411F-2649-837654E3C58A}
		{3037E738-9EDB-4F75-91BF-097CB33F21F5} = {EF8D5A62-F0B1-5A35-CE34-34399E664908}
		{8A206792-ED80-4903-91D7-EBE5E026651F} = {73BA62BB-2B41-2DC4-C714-51B3D4C2A215}
		{82ECE904-AE61-4492-B801-25EE185FEE02} = {BF440C74-E223-3CBF-8FA7-83F7D164F7C3}
		{7E4560CD-9489-46ED-B5C6-0B98113E71BF} = {1ED04488-230B-86DB-8CF1-429704D2F8F4}
		{0C039EB2-39BE-4A3F-B413-BD14E18414BC} = {EF8D5A62-F0B1-5A35-CE34-34399E664908}
		{93A53FBC-7194-491D-A7F5-FBB20CC2E345} = {EF8D5A62-F0B1-5A35-CE34-34399E664908}
		{2EB800A1-E958-4E04-B86A-483367BD26DD} = {78DDA25A-7C38-13C4-DE39-740FEE45D7B1}
		{0B18B3AA-10FE-4579-9B91-B5285848F64F} = {BF440C74-E223-3CBF-8FA7-83F7D164F7C3}
		{C07759F3-F9A8-4088-B88A-9740EF94D124} = {BF440C74-E223-3CBF-8FA7-83F7D164F7C3}
		{6FDC683E-3CDF-4F58-A7B2-4B8E85B25F07} = {1ED04488-230B-86DB-8CF1-429704D2F8F4}
		{143B504E-04A2-4A96-8E75-E4E64655EA74} = {BF440C74-E223-3CBF-8FA7-83F7D164F7C3}
		{69D10204-35E1-4B12-80C1-D2AD3F43EB08} = {1ED04488-230B-86DB-8CF1-429704D2F8F4}
		{E07012FA-F23E-4CC8-954C-13A3FBC4F409} = {85003D0A-72DB-A487-DC35-85E02D70F0B1}
		{2FFDD58B-EE6B-41C2-91FB-5BAE5ED934FF} = {B411C083-355A-2464-FDEE-681E8D47BB7C}
		{E3AA3536-5E52-4E6C-BEFD-D81A955D7E2E} = {B411C083-355A-2464-FDEE-681E8D47BB7C}
		{E945332A-74B2-4222-8E9D-F05C4C8BF052} = {85003D0A-72DB-A487-DC35-85E02D70F0B1}
		{0B0D22E7-8C75-42E2-9993-78A697509CD2} = {85003D0A-72DB-A487-DC35-85E02D70F0B1}
		{B59E9D38-653F-4427-89E9-CA5ED3AF1BC2} = {B411C083-355A-2464-FDEE-681E8D47BB7C}
		{F82455EB-F0C4-4EAF-B961-60B3E82FEB1B} = {B411C083-355A-2464-FDEE-681E8D47BB7C}
		{A8995D85-1009-47B4-A76F-0AC0C4A9361C} = {78DDA25A-7C38-13C4-DE39-740FEE45D7B1}
		{CF698E79-D46D-4082-9CC2-EBE463877D50} = {78DDA25A-7C38-13C4-DE39-740FEE45D7B1}
		{BE379012-8593-474D-9418-F565AE1B7172} = {BC84F29A-777F-49ED-A17F-004D0F016FD4}
		{EDB3BBF1-FB3B-47F3-9A24-B5CCF5091D9D} = {BC84F29A-777F-49ED-A17F-004D0F016FD4}
		{76F7D843-D359-40F7-9355-854DA929B4AD} = {BC84F29A-777F-49ED-A17F-004D0F016FD4}
		{CA7BA620-74F0-4843-B10C-0B7CABE342BC} = {BC84F29A-777F-49ED-A17F-004D0F016FD4}
		{7BB3A621-CE16-4146-9ECB-D8EC24F7DCB5} = {78DDA25A-7C38-13C4-DE39-740FEE45D7B1}
		{4E0D3B1F-733D-4D5A-AC92-25F8A141358D} = {78DDA25A-7C38-13C4-DE39-740FEE45D7B1}
	EndGlobalSection
EndGlobal
